// !$*UTF8*$!
{
	archiveVersion = 1;
	classes = {
	};
	objectVersion = 90;
	objects = {

/* Begin PBXBuildFile section */
		4E5D0117305AB7300025E456 /* BitCollections in Frameworks */ = {isa = PBXBuildFile; productRef = 4E5D0116305AB7300025E456 /* BitCollections */; };
		4E6A72B93065581C00E5D955 /* SwiftBasicFormat in Frameworks */ = {isa = PBXBuildFile; productRef = 4E6A72B83065581C00E5D955 /* SwiftBasicFormat */; };
		4E6A72BB3065581C00E5D955 /* SwiftParser in Frameworks */ = {isa = PBXBuildFile; productRef = 4E6A72BA3065581C00E5D955 /* SwiftParser */; };
		4E6A72BD3065581C00E5D955 /* SwiftSyntax in Frameworks */ = {isa = PBXBuildFile; productRef = 4E6A72BC3065581C00E5D955 /* SwiftSyntax */; };
		4E6A72BF3065581C00E5D955 /* SwiftSyntaxBuilder in Frameworks */ = {isa = PBXBuildFile; productRef = 4E6A72BE3065581C00E5D955 /* SwiftSyntaxBuilder */; };
		4E782D1930655CC80092C2C7 /* SwiftSyntax in Frameworks */ = {isa = PBXBuildFile; productRef = 4E782D1830655CC80092C2C7 /* SwiftSyntax */; };
		4E782D1B30655CEB0092C2C7 /* SwiftParser in Frameworks */ = {isa = PBXBuildFile; productRef = 4E782D1A30655CEB0092C2C7 /* SwiftParser */; };
		4E782D1D30655D250092C2C7 /* BitCollections in Frameworks */ = {isa = PBXBuildFile; productRef = 4E782D1C30655D250092C2C7 /* BitCollections */; };
/* End PBXBuildFile section */

/* Begin PBXFileReference section */
		000000000000000000000120 /* ApusApus */ = {isa = PBXFileReference; explicitFileType = "compiled.mach-o.executable"; includeInIndex = 0; path = ApusApus; sourceTree = BUILT_PRODUCTS_DIR; };
		4E5D011C305AB8330025E456 /* ApusApusTests.xctest */ = {isa = PBXFileReference; explicitFileType = wrapper.cfbundle; includeInIndex = 0; path = ApusApusTests.xctest; sourceTree = BUILT_PRODUCTS_DIR; };
		4E5D0127305AC2110025E456 /* tinyGLL.app */ = {isa = PBXFileReference; explicitFileType = wrapper.application; includeInIndex = 0; path = tinyGLL.app; sourceTree = BUILT_PRODUCTS_DIR; };
		4E6A54AA3065402D00E5D955 /* AGENTS.md */ = {isa = PBXFileReference; lastKnownFileType = net.daringfireball.markdown; path = AGENTS.md; sourceTree = "<group>"; };
		4E6A54AE3065402D00E5D955 /* claude.md */ = {isa = PBXFileReference; lastKnownFileType = net.daringfireball.markdown; path = claude.md; sourceTree = "<group>"; };
		4E6A54AF3065402D00E5D955 /* codex.md */ = {isa = PBXFileReference; lastKnownFileType = net.daringfireball.markdown; path = codex.md; sourceTree = "<group>"; };
		4E6A54C13065402D00E5D955 /* TESTING.md */ = {isa = PBXFileReference; lastKnownFileType = net.daringfireball.markdown; path = TESTING.md; sourceTree = "<group>"; };
		4E6A54C33065402D00E5D955 /* TODO.md */ = {isa = PBXFileReference; lastKnownFileType = net.daringfireball.markdown; path = TODO.md; sourceTree = "<group>"; };
		4E6A54C83065505C00E5D955 /* 000.log */ = {isa = PBXFileReference; lastKnownFileType = text; path = 000.log; sourceTree = "<group>"; };
		4E6A54C93065505C00E5D955 /* 002.log */ = {isa = PBXFileReference; lastKnownFileType = text; path = 002.log; sourceTree = "<group>"; };
		4E6A54CA3065505C00E5D955 /* 003.log */ = {isa = PBXFileReference; lastKnownFileType = text; path = 003.log; sourceTree = "<group>"; };
		4E6A54CB3065505C00E5D955 /* 006.log */ = {isa = PBXFileReference; lastKnownFileType = text; path = 006.log; sourceTree = "<group>"; };
		4E6A54CC3065505C00E5D955 /* 007.log */ = {isa = PBXFileReference; lastKnownFileType = text; path = 007.log; sourceTree = "<group>"; };
		4E6A54CD3065505C00E5D955 /* 008.log */ = {isa = PBXFileReference; lastKnownFileType = text; path = 008.log; sourceTree = "<group>"; };
		4E6A54CE3065505C00E5D955 /* 009.log */ = {isa = PBXFileReference; lastKnownFileType = text; path = 009.log; sourceTree = "<group>"; };
		4E6A54CF3065505C00E5D955 /* 010.log */ = {isa = PBXFileReference; lastKnownFileType = text; path = 010.log; sourceTree = "<group>"; };
		4E6A54D03065505C00E5D955 /* 014.log */ = {isa = PBXFileReference; lastKnownFileType = text; path = 014.log; sourceTree = "<group>"; };
		4E6A54D13065505C00E5D955 /* 015.log */ = {isa = PBXFileReference; lastKnownFileType = text; path = 015.log; sourceTree = "<group>"; };
		4E6A54D23065505C00E5D955 /* 016.log */ = {isa = PBXFileReference; lastKnownFileType = text; path = 016.log; sourceTree = "<group>"; };
		4E6A54D33065505C00E5D955 /* 021.log */ = {isa = PBXFileReference; lastKnownFileType = text; path = 021.log; sourceTree = "<group>"; };
		4E6A54D43065505C00E5D955 /* 022.log */ = {isa = PBXFileReference; lastKnownFileType = text; path = 022.log; sourceTree = "<group>"; };
		4E6A54D53065505C00E5D955 /* 025.log */ = {isa = PBXFileReference; lastKnownFileType = text; path = 025.log; sourceTree = "<group>"; };
		4E6A54D63065505C00E5D955 /* 026.log */ = {isa = PBXFileReference; lastKnownFileType = text; path = 026.log; sourceTree = "<group>"; };
		4E6A54D73065505C00E5D955 /* 027.log */ = {isa = PBXFileReference; lastKnownFileType = text; path = 027.log; sourceTree = "<group>"; };
		4E6A54D83065505C00E5D955 /* 028.log */ = {isa = PBXFileReference; lastKnownFileType = text; path = 028.log; sourceTree = "<group>"; };
		4E6A54D93065505C00E5D955 /* 029.log */ = {isa = PBXFileReference; lastKnownFileType = text; path = 029.log; sourceTree = "<group>"; };
		4E6A54DA3065505C00E5D955 /* 030.log */ = {isa = PBXFileReference; lastKnownFileType = text; path = 030.log; sourceTree = "<group>"; };
		4E6A54DB3065505C00E5D955 /* 032.log */ = {isa = PBXFileReference; lastKnownFileType = text; path = 032.log; sourceTree = "<group>"; };
		4E6A54DC3065505C00E5D955 /* 034.log */ = {isa = PBXFileReference; lastKnownFileType = text; path = 034.log; sourceTree = "<group>"; };
		4E6A54DD3065505C00E5D955 /* 036.log */ = {isa = PBXFileReference; lastKnownFileType = text; path = 036.log; sourceTree = "<group>"; };
		4E6A54DE3065505C00E5D955 /* 038.log */ = {isa = PBXFileReference; lastKnownFileType = text; path = 038.log; sourceTree = "<group>"; };
		4E6A54DF3065505C00E5D955 /* 040.log */ = {isa = PBXFileReference; lastKnownFileType = text; path = 040.log; sourceTree = "<group>"; };
		4E6A54E03065505C00E5D955 /* 043.log */ = {isa = PBXFileReference; lastKnownFileType = text; path = 043.log; sourceTree = "<group>"; };
		4E6A54E13065505C00E5D955 /* 047.log */ = {isa = PBXFileReference; lastKnownFileType = text; path = 047.log; sourceTree = "<group>"; };
		4E6A54E23065505C00E5D955 /* 048.log */ = {isa = PBXFileReference; lastKnownFileType = text; path = 048.log; sourceTree = "<group>"; };
		4E6A54E33065505C00E5D955 /* 051.log */ = {isa = PBXFileReference; lastKnownFileType = text; path = 051.log; sourceTree = "<group>"; };
		4E6A54E43065505C00E5D955 /* 052.log */ = {isa = PBXFileReference; lastKnownFileType = text; path = 052.log; sourceTree = "<group>"; };
		4E6A54E53065505C00E5D955 /* 054.log */ = {isa = PBXFileReference; lastKnownFileType = text; path = 054.log; sourceTree = "<group>"; };
		4E6A54E63065505C00E5D955 /* 055.log */ = {isa = PBXFileReference; lastKnownFileType = text; path = 055.log; sourceTree = "<group>"; };
		4E6A54E73065505C00E5D955 /* 056.log */ = {isa = PBXFileReference; lastKnownFileType = text; path = 056.log; sourceTree = "<group>"; };
		4E6A54E83065505C00E5D955 /* 057.log */ = {isa = PBXFileReference; lastKnownFileType = text; path = 057.log; sourceTree = "<group>"; };
		4E6A54E93065505C00E5D955 /* 058.log */ = {isa = PBXFileReference; lastKnownFileType = text; path = 058.log; sourceTree = "<group>"; };
		4E6A54EA3065505C00E5D955 /* 059.log */ = {isa = PBXFileReference; lastKnownFileType = text; path = 059.log; sourceTree = "<group>"; };
		4E6A54EB3065505C00E5D955 /* 061.log */ = {isa = PBXFileReference; lastKnownFileType = text; path = 061.log; sourceTree = "<group>"; };
		4E6A54EC3065505C00E5D955 /* 062.log */ = {isa = PBXFileReference; lastKnownFileType = text; path = 062.log; sourceTree = "<group>"; };
		4E6A54EE3065505C00E5D955 /* ActorTests.swift */ = {isa = PBXFileReference; lastKnownFileType = sourcecode.swift; path = ActorTests.swift; sourceTree = "<group>"; };
		4E6A54EF3065505C00E5D955 /* AlwaysEmitConformanceMetadataAttrTests.swift */ = {isa = PBXFileReference; lastKnownFileType = sourcecode.swift; path = AlwaysEmitConformanceMetadataAttrTests.swift; sourceTree = "<group>"; };
		4E6A54F03065505C00E5D955 /* AsyncSyntaxTests.swift */ = {isa = PBXFileReference; lastKnownFileType = sourcecode.swift; path = AsyncSyntaxTests.swift; sourceTree = "<group>"; };
		4E6A54F13065505C00E5D955 /* AsyncTests.swift */ = {isa = PBXFileReference; lastKnownFileType = sourcecode.swift; path = AsyncTests.swift; sourceTree = "<group>"; };
		4E6A54F23065505C00E5D955 /* AvailabilityQueryTests.swift */ = {isa = PBXFileReference; lastKnownFileType = sourcecode.swift; path = AvailabilityQueryTests.swift; sourceTree = "<group>"; };
		4E6A54F33065505C00E5D955 /* AvailabilityQueryUnavailabilityTests.swift */ = {isa = PBXFileReference; lastKnownFileType = sourcecode.swift; path = AvailabilityQueryUnavailabilityTests.swift; sourceTree = "<group>"; };
		4E6A54F43065505C00E5D955 /* BorrowExprTests.swift */ = {isa = PBXFileReference; lastKnownFileType = sourcecode.swift; path = BorrowExprTests.swift; sourceTree = "<group>"; };
		4E6A54F53065505C00E5D955 /* BraceRecoveryEofTests.swift */ = {isa = PBXFileReference; lastKnownFileType = sourcecode.swift; path = BraceRecoveryEofTests.swift; sourceTree = "<group>"; };
		4E6A54F63065505C00E5D955 /* BuiltinBridgeObjectTests.swift */ = {isa = PBXFileReference; lastKnownFileType = sourcecode.swift; path = BuiltinBridgeObjectTests.swift; sourceTree = "<group>"; };
		4E6A54F73065505C00E5D955 /* BuiltinWordTests.swift */ = {isa = PBXFileReference; lastKnownFileType = sourcecode.swift; path = BuiltinWordTests.swift; sourceTree = "<group>"; };
		4E6A54F83065505C00E5D955 /* ConflictMarkersTests.swift */ = {isa = PBXFileReference; lastKnownFileType = sourcecode.swift; path = ConflictMarkersTests.swift; sourceTree = "<group>"; };
		4E6A54F93065505C00E5D955 /* ConsecutiveStatementsTests.swift */ = {isa = PBXFileReference; lastKnownFileType = sourcecode.swift; path = ConsecutiveStatementsTests.swift; sourceTree = "<group>"; };
		4E6A54FA3065505C00E5D955 /* CopyExprTests.swift */ = {isa = PBXFileReference; lastKnownFileType = sourcecode.swift; path = CopyExprTests.swift; sourceTree = "<group>"; };
		4E6A54FB3065505C00E5D955 /* DebuggerTests.swift */ = {isa = PBXFileReference; lastKnownFileType = sourcecode.swift; path = DebuggerTests.swift; sourceTree = "<group>"; };
		4E6A54FC3065505C00E5D955 /* DelayedExtensionTests.swift */ = {isa = PBXFileReference; lastKnownFileType = sourcecode.swift; path = DelayedExtensionTests.swift; sourceTree = "<group>"; };
		4E6A54FD3065505C00E5D955 /* DeprecatedWhereTests.swift */ = {isa = PBXFileReference; lastKnownFileType = sourcecode.swift; path = DeprecatedWhereTests.swift; sourceTree = "<group>"; };
		4E6A54FE3065505C00E5D955 /* DiagnoseAvailabilityTests.swift */ = {isa = PBXFileReference; lastKnownFileType = sourcecode.swift; path = DiagnoseAvailabilityTests.swift; sourceTree = "<group>"; };
		4E6A54FF3065505C00E5D955 /* DiagnoseAvailabilityWindowsTests.swift */ = {isa = PBXFileReference; lastKnownFileType = sourcecode.swift; path = DiagnoseAvailabilityWindowsTests.swift; sourceTree = "<group>"; };
		4E6A55003065505C00E5D955 /* DiagnoseDynamicReplacementTests.swift */ = {isa = PBXFileReference; lastKnownFileType = sourcecode.swift; path = DiagnoseDynamicReplacementTests.swift; sourceTree = "<group>"; };
		4E6A55013065505C00E5D955 /* DiagnoseInitializerAsTypedPatternTests.swift */ = {isa = PBXFileReference; lastKnownFileType = sourcecode.swift; path = DiagnoseInitializerAsTypedPatternTests.swift; sourceTree = "<group>"; };
		4E6A55023065505C00E5D955 /* DiagnosticMissingFuncKeywordTests.swift */ = {isa = PBXFileReference; lastKnownFileType = sourcecode.swift; path = DiagnosticMissingFuncKeywordTests.swift; sourceTree = "<group>"; };
		4E6A55033065505C00E5D955 /* DollarIdentifierTests.swift */ = {isa = PBXFileReference; lastKnownFileType = sourcecode.swift; path = DollarIdentifierTests.swift; sourceTree = "<group>"; };
		4E6A55043065505C00E5D955 /* EffectfulPropertiesTests.swift */ = {isa = PBXFileReference; lastKnownFileType = sourcecode.swift; path = EffectfulPropertiesTests.swift; sourceTree = "<group>"; };
		4E6A55053065505C00E5D955 /* EnumElementPatternSwift4Tests.swift */ = {isa = PBXFileReference; lastKnownFileType = sourcecode.swift; path = EnumElementPatternSwift4Tests.swift; sourceTree = "<group>"; };
		4E6A55063065505C00E5D955 /* EnumTests.swift */ = {isa = PBXFileReference; lastKnownFileType = sourcecode.swift; path = EnumTests.swift; sourceTree = "<group>"; };
		4E6A55073065505C00E5D955 /* ErrorsTests.swift */ = {isa = PBXFileReference; lastKnownFileType = sourcecode.swift; path = ErrorsTests.swift; sourceTree = "<group>"; };
		4E6A55083065505C00E5D955 /* EscapedIdentifiersTests.swift */ = {isa = PBXFileReference; lastKnownFileType = sourcecode.swift; path = EscapedIdentifiersTests.swift; sourceTree = "<group>"; };
		4E6A55093065505C00E5D955 /* ForeachAsyncTests.swift */ = {isa = PBXFileReference; lastKnownFileType = sourcecode.swift; path = ForeachAsyncTests.swift; sourceTree = "<group>"; };
		4E6A550A3065505C00E5D955 /* ForeachTests.swift */ = {isa = PBXFileReference; lastKnownFileType = sourcecode.swift; path = ForeachTests.swift; sourceTree = "<group>"; };
		4E6A550B3065505C00E5D955 /* ForwardSlashRegexSkippingAllowedTests.swift */ = {isa = PBXFileReference; lastKnownFileType = sourcecode.swift; path = ForwardSlashRegexSkippingAllowedTests.swift; sourceTree = "<group>"; };
		4E6A550C3065505C00E5D955 /* ForwardSlashRegexSkippingInvalidTests.swift */ = {isa = PBXFileReference; lastKnownFileType = sourcecode.swift; path = ForwardSlashRegexSkippingInvalidTests.swift; sourceTree = "<group>"; };
		4E6A550D3065505C00E5D955 /* ForwardSlashRegexSkippingTests.swift */ = {isa = PBXFileReference; lastKnownFileType = sourcecode.swift; path = ForwardSlashRegexSkippingTests.swift; sourceTree = "<group>"; };
		4E6A550E3065505C00E5D955 /* ForwardSlashRegexTests.swift */ = {isa = PBXFileReference; lastKnownFileType = sourcecode.swift; path = ForwardSlashRegexTests.swift; sourceTree = "<group>"; };
		4E6A550F3065505C00E5D955 /* GenericDisambiguationTests.swift */ = {isa = PBXFileReference; lastKnownFileType = sourcecode.swift; path = GenericDisambiguationTests.swift; sourceTree = "<group>"; };
		4E6A55103065505C00E5D955 /* GuardTests.swift */ = {isa = PBXFileReference; lastKnownFileType = sourcecode.swift; path = GuardTests.swift; sourceTree = "<group>"; };
		4E6A55113065505C00E5D955 /* GuardTopLevelTests.swift */ = {isa = PBXFileReference; lastKnownFileType = sourcecode.swift; path = GuardTopLevelTests.swift; sourceTree = "<group>"; };
		4E6A55123065505C00E5D955 /* HashbangLibraryTests.swift */ = {isa = PBXFileReference; lastKnownFileType = sourcecode.swift; path = HashbangLibraryTests.swift; sourceTree = "<group>"; };
		4E6A55133065505C00E5D955 /* HashbangMainTests.swift */ = {isa = PBXFileReference; lastKnownFileType = sourcecode.swift; path = HashbangMainTests.swift; sourceTree = "<group>"; };
		4E6A55143065505C00E5D955 /* IdentifiersTests.swift */ = {isa = PBXFileReference; lastKnownFileType = sourcecode.swift; path = IdentifiersTests.swift; sourceTree = "<group>"; };
		4E6A55153065505C00E5D955 /* IfconfigExprTests.swift */ = {isa = PBXFileReference; lastKnownFileType = sourcecode.swift; path = IfconfigExprTests.swift; sourceTree = "<group>"; };
		4E6A55163065505C00E5D955 /* ImplicitGetterIncompleteTests.swift */ = {isa = PBXFileReference; lastKnownFileType = sourcecode.swift; path = ImplicitGetterIncompleteTests.swift; sourceTree = "<group>"; };
		4E6A55173065505C00E5D955 /* InitDeinitTests.swift */ = {isa = PBXFileReference; lastKnownFileType = sourcecode.swift; path = InitDeinitTests.swift; sourceTree = "<group>"; };
		4E6A55183065505C00E5D955 /* InvalidIfExprTests.swift */ = {isa = PBXFileReference; lastKnownFileType = sourcecode.swift; path = InvalidIfExprTests.swift; sourceTree = "<group>"; };
		4E6A55193065505C00E5D955 /* InvalidStringInterpolationProtocolTests.swift */ = {isa = PBXFileReference; lastKnownFileType = sourcecode.swift; path = InvalidStringInterpolationProtocolTests.swift; sourceTree = "<group>"; };
		4E6A551A3065505C00E5D955 /* InvalidTests.swift */ = {isa = PBXFileReference; lastKnownFileType = sourcecode.swift; path = InvalidTests.swift; sourceTree = "<group>"; };
		4E6A551B3065505C00E5D955 /* MatchingPatternsTests.swift */ = {isa = PBXFileReference; lastKnownFileType = sourcecode.swift; path = MatchingPatternsTests.swift; sourceTree = "<group>"; };
		4E6A551C3065505C00E5D955 /* MetatypeObjectConversionTests.swift */ = {isa = PBXFileReference; lastKnownFileType = sourcecode.swift; path = MetatypeObjectConversionTests.swift; sourceTree = "<group>"; };
		4E6A551D3065505C00E5D955 /* ModuleSelectorTests.swift */ = {isa = PBXFileReference; lastKnownFileType = sourcecode.swift; path = ModuleSelectorTests.swift; sourceTree = "<group>"; };
		4E6A551E3065505C00E5D955 /* MoveExprTests.swift */ = {isa = PBXFileReference; lastKnownFileType = sourcecode.swift; path = MoveExprTests.swift; sourceTree = "<group>"; };
		4E6A551F3065505C00E5D955 /* MultilineErrorsTests.swift */ = {isa = PBXFileReference; lastKnownFileType = sourcecode.swift; path = MultilineErrorsTests.swift; sourceTree = "<group>"; };
		4E6A55203065505C00E5D955 /* MultilinePoundDiagnosticArgRdar41154797Tests.swift */ = {isa = PBXFileReference; lastKnownFileType = sourcecode.swift; path = MultilinePoundDiagnosticArgRdar41154797Tests.swift; sourceTree = "<group>"; };
		4E6A55213065505C00E5D955 /* MultilineStringTests.swift */ = {isa = PBXFileReference; lastKnownFileType = sourcecode.swift; path = MultilineStringTests.swift; sourceTree = "<group>"; };
		4E6A55223065505C00E5D955 /* NoimplicitcopyAttrTests.swift */ = {isa = PBXFileReference; lastKnownFileType = sourcecode.swift; path = NoimplicitcopyAttrTests.swift; sourceTree = "<group>"; };
		4E6A55233065505C00E5D955 /* NumberIdentifierErrorsTests.swift */ = {isa = PBXFileReference; lastKnownFileType = sourcecode.swift; path = NumberIdentifierErrorsTests.swift; sourceTree = "<group>"; };
		4E6A55243065505C00E5D955 /* ObjcEnumTests.swift */ = {isa = PBXFileReference; lastKnownFileType = sourcecode.swift; path = ObjcEnumTests.swift; sourceTree = "<group>"; };
		4E6A55253065505C00E5D955 /* ObjectLiteralsTests.swift */ = {isa = PBXFileReference; lastKnownFileType = sourcecode.swift; path = ObjectLiteralsTests.swift; sourceTree = "<group>"; };
		4E6A55263065505C00E5D955 /* OperatorDeclDesignatedTypesTests.swift */ = {isa = PBXFileReference; lastKnownFileType = sourcecode.swift; path = OperatorDeclDesignatedTypesTests.swift; sourceTree = "<group>"; };
		4E6A55273065505C00E5D955 /* OperatorDeclTests.swift */ = {isa = PBXFileReference; lastKnownFileType = sourcecode.swift; path = OperatorDeclTests.swift; sourceTree = "<group>"; };
		4E6A55283065505C00E5D955 /* OperatorsTests.swift */ = {isa = PBXFileReference; lastKnownFileType = sourcecode.swift; path = OperatorsTests.swift; sourceTree = "<group>"; };
		4E6A55293065505C00E5D955 /* OptionalChainLvaluesTests.swift */ = {isa = PBXFileReference; lastKnownFileType = sourcecode.swift; path = OptionalChainLvaluesTests.swift; sourceTree = "<group>"; };
		4E6A552A3065505C00E5D955 /* OptionalLvaluesTests.swift */ = {isa = PBXFileReference; lastKnownFileType = sourcecode.swift; path = OptionalLvaluesTests.swift; sourceTree = "<group>"; };
		4E6A552B3065505C00E5D955 /* OptionalTests.swift */ = {isa = PBXFileReference; lastKnownFileType = sourcecode.swift; path = OptionalTests.swift; sourceTree = "<group>"; };
		4E6A552C3065505C00E5D955 /* OriginalDefinedInAttrTests.swift */ = {isa = PBXFileReference; lastKnownFileType = sourcecode.swift; path = OriginalDefinedInAttrTests.swift; sourceTree = "<group>"; };
		4E6A552D3065505C00E5D955 /* PatternWithoutVariablesScriptTests.swift */ = {isa = PBXFileReference; lastKnownFileType = sourcecode.swift; path = PatternWithoutVariablesScriptTests.swift; sourceTree = "<group>"; };
		4E6A552E3065505C00E5D955 /* PatternWithoutVariablesTests.swift */ = {isa = PBXFileReference; lastKnownFileType = sourcecode.swift; path = PatternWithoutVariablesTests.swift; sourceTree = "<group>"; };
		4E6A552F3065505C00E5D955 /* PlaygroundLvaluesTests.swift */ = {isa = PBXFileReference; lastKnownFileType = sourcecode.swift; path = PlaygroundLvaluesTests.swift; sourceTree = "<group>"; };
		4E6A55303065505C00E5D955 /* PoundAssertTests.swift */ = {isa = PBXFileReference; lastKnownFileType = sourcecode.swift; path = PoundAssertTests.swift; sourceTree = "<group>"; };
		4E6A55313065505C00E5D955 /* PrefixSlashTests.swift */ = {isa = PBXFileReference; lastKnownFileType = sourcecode.swift; path = PrefixSlashTests.swift; sourceTree = "<group>"; };
		4E6A55323065505C00E5D955 /* RawStringErrorsTests.swift */ = {isa = PBXFileReference; lastKnownFileType = sourcecode.swift; path = RawStringErrorsTests.swift; sourceTree = "<group>"; };
		4E6A55333065505C00E5D955 /* RawStringTests.swift */ = {isa = PBXFileReference; lastKnownFileType = sourcecode.swift; path = RawStringTests.swift; sourceTree = "<group>"; };
		4E6A55343065505C00E5D955 /* RecoveryLibraryTests.swift */ = {isa = PBXFileReference; lastKnownFileType = sourcecode.swift; path = RecoveryLibraryTests.swift; sourceTree = "<group>"; };
		4E6A55353065505C00E5D955 /* RecoveryTests.swift */ = {isa = PBXFileReference; lastKnownFileType = sourcecode.swift; path = RecoveryTests.swift; sourceTree = "<group>"; };
		4E6A55363065505C00E5D955 /* RegexParseEndOfBufferTests.swift */ = {isa = PBXFileReference; lastKnownFileType = sourcecode.swift; path = RegexParseEndOfBufferTests.swift; sourceTree = "<group>"; };
		4E6A55373065505C00E5D955 /* RegexParseErrorTests.swift */ = {isa = PBXFileReference; lastKnownFileType = sourcecode.swift; path = RegexParseErrorTests.swift; sourceTree = "<group>"; };
		4E6A55383065505C00E5D955 /* RegexTests.swift */ = {isa = PBXFileReference; lastKnownFileType = sourcecode.swift; path = RegexTests.swift; sourceTree = "<group>"; };
		4E6A55393065505C00E5D955 /* ResultBuilderTests.swift */ = {isa = PBXFileReference; lastKnownFileType = sourcecode.swift; path = ResultBuilderTests.swift; sourceTree = "<group>"; };
		4E6A553A3065505C00E5D955 /* SelfRebindingTests.swift */ = {isa = PBXFileReference; lastKnownFileType = sourcecode.swift; path = SelfRebindingTests.swift; sourceTree = "<group>"; };
		4E6A553B3065505C00E5D955 /* SemicolonTests.swift */ = {isa = PBXFileReference; lastKnownFileType = sourcecode.swift; path = SemicolonTests.swift; sourceTree = "<group>"; };
		4E6A553C3065505C00E5D955 /* StringLiteralEofTests.swift */ = {isa = PBXFileReference; lastKnownFileType = sourcecode.swift; path = StringLiteralEofTests.swift; sourceTree = "<group>"; };
		4E6A553D3065505C00E5D955 /* SubscriptingTests.swift */ = {isa = PBXFileReference; lastKnownFileType = sourcecode.swift; path = SubscriptingTests.swift; sourceTree = "<group>"; };
		4E6A553E3065505C00E5D955 /* SuperTests.swift */ = {isa = PBXFileReference; lastKnownFileType = sourcecode.swift; path = SuperTests.swift; sourceTree = "<group>"; };
		4E6A553F3065505C00E5D955 /* SwitchIncompleteTests.swift */ = {isa = PBXFileReference; lastKnownFileType = sourcecode.swift; path = SwitchIncompleteTests.swift; sourceTree = "<group>"; };
		4E6A55403065505C00E5D955 /* SwitchTests.swift */ = {isa = PBXFileReference; lastKnownFileType = sourcecode.swift; path = SwitchTests.swift; sourceTree = "<group>"; };
		4E6A55413065505C00E5D955 /* ToplevelLibraryTests.swift */ = {isa = PBXFileReference; lastKnownFileType = sourcecode.swift; path = ToplevelLibraryTests.swift; sourceTree = "<group>"; };
		4E6A55423065505C00E5D955 /* TrailingClosuresTests.swift */ = {isa = PBXFileReference; lastKnownFileType = sourcecode.swift; path = TrailingClosuresTests.swift; sourceTree = "<group>"; };
		4E6A55433065505C00E5D955 /* TrailingSemiTests.swift */ = {isa = PBXFileReference; lastKnownFileType = sourcecode.swift; path = TrailingSemiTests.swift; sourceTree = "<group>"; };
		4E6A55443065505C00E5D955 /* TryTests.swift */ = {isa = PBXFileReference; lastKnownFileType = sourcecode.swift; path = TryTests.swift; sourceTree = "<group>"; };
		4E6A55453065505C00E5D955 /* TypealiasTests.swift */ = {isa = PBXFileReference; lastKnownFileType = sourcecode.swift; path = TypealiasTests.swift; sourceTree = "<group>"; };
		4E6A55463065505C00E5D955 /* TypeExprTests.swift */ = {isa = PBXFileReference; lastKnownFileType = sourcecode.swift; path = TypeExprTests.swift; sourceTree = "<group>"; };
		4E6A55473065505C00E5D955 /* UnclosedStringInterpolationTests.swift */ = {isa = PBXFileReference; lastKnownFileType = sourcecode.swift; path = UnclosedStringInterpolationTests.swift; sourceTree = "<group>"; };
		4E6A55493065505C00E5D955 /* AttributeTests.swift */ = {isa = PBXFileReference; lastKnownFileType = sourcecode.swift; path = AttributeTests.swift; sourceTree = "<group>"; };
		4E6A554A3065505C00E5D955 /* DeclarationTests.swift */ = {isa = PBXFileReference; lastKnownFileType = sourcecode.swift; path = DeclarationTests.swift; sourceTree = "<group>"; };
		4E6A554B3065505C00E5D955 /* ExpressionTests.swift */ = {isa = PBXFileReference; lastKnownFileType = sourcecode.swift; path = ExpressionTests.swift; sourceTree = "<group>"; };
		4E6A554C3065505C00E5D955 /* PatternTests.swift */ = {isa = PBXFileReference; lastKnownFileType = sourcecode.swift; path = PatternTests.swift; sourceTree = "<group>"; };
		4E6A554D3065505C00E5D955 /* StatementTests.swift */ = {isa = PBXFileReference; lastKnownFileType = sourcecode.swift; path = StatementTests.swift; sourceTree = "<group>"; };
		4E6A554E3065505C00E5D955 /* TypeTests.swift */ = {isa = PBXFileReference; lastKnownFileType = sourcecode.swift; path = TypeTests.swift; sourceTree = "<group>"; };
		4E6A55503065505C00E5D955 /* ActorTests.swift */ = {isa = PBXFileReference; lastKnownFileType = sourcecode.swift; path = ActorTests.swift; sourceTree = "<group>"; };
		4E6A55513065505C00E5D955 /* AlwaysEmitConformanceMetadataAttrTests.swift */ = {isa = PBXFileReference; lastKnownFileType = sourcecode.swift; path = AlwaysEmitConformanceMetadataAttrTests.swift; sourceTree = "<group>"; };
		4E6A55523065505C00E5D955 /* AsyncSyntaxTests.swift */ = {isa = PBXFileReference; lastKnownFileType = sourcecode.swift; path = AsyncSyntaxTests.swift; sourceTree = "<group>"; };
		4E6A55533065505C00E5D955 /* AsyncTests.swift */ = {isa = PBXFileReference; lastKnownFileType = sourcecode.swift; path = AsyncTests.swift; sourceTree = "<group>"; };
		4E6A55543065505C00E5D955 /* AvailabilityQueryTests.swift */ = {isa = PBXFileReference; lastKnownFileType = sourcecode.swift; path = AvailabilityQueryTests.swift; sourceTree = "<group>"; };
		4E6A55553065505C00E5D955 /* AvailabilityQueryUnavailabilityTests.swift */ = {isa = PBXFileReference; lastKnownFileType = sourcecode.swift; path = AvailabilityQueryUnavailabilityTests.swift; sourceTree = "<group>"; };
		4E6A55563065505C00E5D955 /* BorrowExprTests.swift */ = {isa = PBXFileReference; lastKnownFileType = sourcecode.swift; path = BorrowExprTests.swift; sourceTree = "<group>"; };
		4E6A55573065505C00E5D955 /* BraceRecoveryEofTests.swift */ = {isa = PBXFileReference; lastKnownFileType = sourcecode.swift; path = BraceRecoveryEofTests.swift; sourceTree = "<group>"; };
		4E6A55583065505C00E5D955 /* BuiltinBridgeObjectTests.swift */ = {isa = PBXFileReference; lastKnownFileType = sourcecode.swift; path = BuiltinBridgeObjectTests.swift; sourceTree = "<group>"; };
		4E6A55593065505C00E5D955 /* BuiltinWordTests.swift */ = {isa = PBXFileReference; lastKnownFileType = sourcecode.swift; path = BuiltinWordTests.swift; sourceTree = "<group>"; };
		4E6A555A3065505C00E5D955 /* ConflictMarkersTests.swift */ = {isa = PBXFileReference; lastKnownFileType = sourcecode.swift; path = ConflictMarkersTests.swift; sourceTree = "<group>"; };
		4E6A555B3065505C00E5D955 /* ConsecutiveStatementsTests.swift */ = {isa = PBXFileReference; lastKnownFileType = sourcecode.swift; path = ConsecutiveStatementsTests.swift; sourceTree = "<group>"; };
		4E6A555C3065505C00E5D955 /* CopyExprTests.swift */ = {isa = PBXFileReference; lastKnownFileType = sourcecode.swift; path = CopyExprTests.swift; sourceTree = "<group>"; };
		4E6A555D3065505C00E5D955 /* DebuggerTests.swift */ = {isa = PBXFileReference; lastKnownFileType = sourcecode.swift; path = DebuggerTests.swift; sourceTree = "<group>"; };
		4E6A555E3065505C00E5D955 /* DelayedExtensionTests.swift */ = {isa = PBXFileReference; lastKnownFileType = sourcecode.swift; path = DelayedExtensionTests.swift; sourceTree = "<group>"; };
		4E6A555F3065505C00E5D955 /* DeprecatedWhereTests.swift */ = {isa = PBXFileReference; lastKnownFileType = sourcecode.swift; path = DeprecatedWhereTests.swift; sourceTree = "<group>"; };
		4E6A55603065505C00E5D955 /* DiagnoseAvailabilityTests.swift */ = {isa = PBXFileReference; lastKnownFileType = sourcecode.swift; path = DiagnoseAvailabilityTests.swift; sourceTree = "<group>"; };
		4E6A55613065505C00E5D955 /* DiagnoseAvailabilityWindowsTests.swift */ = {isa = PBXFileReference; lastKnownFileType = sourcecode.swift; path = DiagnoseAvailabilityWindowsTests.swift; sourceTree = "<group>"; };
		4E6A55623065505C00E5D955 /* DiagnoseDynamicReplacementTests.swift */ = {isa = PBXFileReference; lastKnownFileType = sourcecode.swift; path = DiagnoseDynamicReplacementTests.swift; sourceTree = "<group>"; };
		4E6A55633065505C00E5D955 /* DiagnoseInitializerAsTypedPatternTests.swift */ = {isa = PBXFileReference; lastKnownFileType = sourcecode.swift; path = DiagnoseInitializerAsTypedPatternTests.swift; sourceTree = "<group>"; };
		4E6A55643065505C00E5D955 /* DiagnosticMissingFuncKeywordTests.swift */ = {isa = PBXFileReference; lastKnownFileType = sourcecode.swift; path = DiagnosticMissingFuncKeywordTests.swift; sourceTree = "<group>"; };
		4E6A55653065505C00E5D955 /* DollarIdentifierTests.swift */ = {isa = PBXFileReference; lastKnownFileType = sourcecode.swift; path = DollarIdentifierTests.swift; sourceTree = "<group>"; };
		4E6A55663065505C00E5D955 /* EffectfulPropertiesTests.swift */ = {isa = PBXFileReference; lastKnownFileType = sourcecode.swift; path = EffectfulPropertiesTests.swift; sourceTree = "<group>"; };
		4E6A55673065505C00E5D955 /* EnumElementPatternSwift4Tests.swift */ = {isa = PBXFileReference; lastKnownFileType = sourcecode.swift; path = EnumElementPatternSwift4Tests.swift; sourceTree = "<group>"; };
		4E6A55683065505C00E5D955 /* EnumTests.swift */ = {isa = PBXFileReference; lastKnownFileType = sourcecode.swift; path = EnumTests.swift; sourceTree = "<group>"; };
		4E6A55693065505C00E5D955 /* ErrorsTests.swift */ = {isa = PBXFileReference; lastKnownFileType = sourcecode.swift; path = ErrorsTests.swift; sourceTree = "<group>"; };
		4E6A556A3065505C00E5D955 /* EscapedIdentifiersTests.swift */ = {isa = PBXFileReference; lastKnownFileType = sourcecode.swift; path = EscapedIdentifiersTests.swift; sourceTree = "<group>"; };
		4E6A556B3065505C00E5D955 /* ForeachAsyncTests.swift */ = {isa = PBXFileReference; lastKnownFileType = sourcecode.swift; path = ForeachAsyncTests.swift; sourceTree = "<group>"; };
		4E6A556C3065505C00E5D955 /* ForeachTests.swift */ = {isa = PBXFileReference; lastKnownFileType = sourcecode.swift; path = ForeachTests.swift; sourceTree = "<group>"; };
		4E6A556D3065505C00E5D955 /* ForwardSlashRegexSkippingAllowedTests.swift */ = {isa = PBXFileReference; lastKnownFileType = sourcecode.swift; path = ForwardSlashRegexSkippingAllowedTests.swift; sourceTree = "<group>"; };
		4E6A556E3065505C00E5D955 /* ForwardSlashRegexSkippingInvalidTests.swift */ = {isa = PBXFileReference; lastKnownFileType = sourcecode.swift; path = ForwardSlashRegexSkippingInvalidTests.swift; sourceTree = "<group>"; };
		4E6A556F3065505C00E5D955 /* ForwardSlashRegexSkippingTests.swift */ = {isa = PBXFileReference; lastKnownFileType = sourcecode.swift; path = ForwardSlashRegexSkippingTests.swift; sourceTree = "<group>"; };
		4E6A55703065505C00E5D955 /* ForwardSlashRegexTests.swift */ = {isa = PBXFileReference; lastKnownFileType = sourcecode.swift; path = ForwardSlashRegexTests.swift; sourceTree = "<group>"; };
		4E6A55713065505C00E5D955 /* GenericDisambiguationTests.swift */ = {isa = PBXFileReference; lastKnownFileType = sourcecode.swift; path = GenericDisambiguationTests.swift; sourceTree = "<group>"; };
		4E6A55723065505C00E5D955 /* GuardTests.swift */ = {isa = PBXFileReference; lastKnownFileType = sourcecode.swift; path = GuardTests.swift; sourceTree = "<group>"; };
		4E6A55733065505C00E5D955 /* GuardTopLevelTests.swift */ = {isa = PBXFileReference; lastKnownFileType = sourcecode.swift; path = GuardTopLevelTests.swift; sourceTree = "<group>"; };
		4E6A55743065505C00E5D955 /* HashbangLibraryTests.swift */ = {isa = PBXFileReference; lastKnownFileType = sourcecode.swift; path = HashbangLibraryTests.swift; sourceTree = "<group>"; };
		4E6A55753065505C00E5D955 /* HashbangMainTests.swift */ = {isa = PBXFileReference; lastKnownFileType = sourcecode.swift; path = HashbangMainTests.swift; sourceTree = "<group>"; };
		4E6A55763065505C00E5D955 /* IdentifiersTests.swift */ = {isa = PBXFileReference; lastKnownFileType = sourcecode.swift; path = IdentifiersTests.swift; sourceTree = "<group>"; };
		4E6A55773065505C00E5D955 /* IfconfigExprTests.swift */ = {isa = PBXFileReference; lastKnownFileType = sourcecode.swift; path = IfconfigExprTests.swift; sourceTree = "<group>"; };
		4E6A55783065505C00E5D955 /* ImplicitGetterIncompleteTests.swift */ = {isa = PBXFileReference; lastKnownFileType = sourcecode.swift; path = ImplicitGetterIncompleteTests.swift; sourceTree = "<group>"; };
		4E6A55793065505C00E5D955 /* InitDeinitTests.swift */ = {isa = PBXFileReference; lastKnownFileType = sourcecode.swift; path = InitDeinitTests.swift; sourceTree = "<group>"; };
		4E6A557A3065505C00E5D955 /* InvalidIfExprTests.swift */ = {isa = PBXFileReference; lastKnownFileType = sourcecode.swift; path = InvalidIfExprTests.swift; sourceTree = "<group>"; };
		4E6A557B3065505C00E5D955 /* InvalidStringInterpolationProtocolTests.swift */ = {isa = PBXFileReference; lastKnownFileType = sourcecode.swift; path = InvalidStringInterpolationProtocolTests.swift; sourceTree = "<group>"; };
		4E6A557C3065505C00E5D955 /* InvalidTests.swift */ = {isa = PBXFileReference; lastKnownFileType = sourcecode.swift; path = InvalidTests.swift; sourceTree = "<group>"; };
		4E6A557D3065505C00E5D955 /* MatchingPatternsTests.swift */ = {isa = PBXFileReference; lastKnownFileType = sourcecode.swift; path = MatchingPatternsTests.swift; sourceTree = "<group>"; };
		4E6A557E3065505C00E5D955 /* MetatypeObjectConversionTests.swift */ = {isa = PBXFileReference; lastKnownFileType = sourcecode.swift; path = MetatypeObjectConversionTests.swift; sourceTree = "<group>"; };
		4E6A557F3065505C00E5D955 /* ModuleSelectorTests.swift */ = {isa = PBXFileReference; lastKnownFileType = sourcecode.swift; path = ModuleSelectorTests.swift; sourceTree = "<group>"; };
		4E6A55803065505C00E5D955 /* MoveExprTests.swift */ = {isa = PBXFileReference; lastKnownFileType = sourcecode.swift; path = MoveExprTests.swift; sourceTree = "<group>"; };
		4E6A55813065505C00E5D955 /* MultilineErrorsTests.swift */ = {isa = PBXFileReference; lastKnownFileType = sourcecode.swift; path = MultilineErrorsTests.swift; sourceTree = "<group>"; };
		4E6A55823065505C00E5D955 /* MultilinePoundDiagnosticArgRdar41154797Tests.swift */ = {isa = PBXFileReference; lastKnownFileType = sourcecode.swift; path = MultilinePoundDiagnosticArgRdar41154797Tests.swift; sourceTree = "<group>"; };
		4E6A55833065505C00E5D955 /* MultilineStringTests.swift */ = {isa = PBXFileReference; lastKnownFileType = sourcecode.swift; path = MultilineStringTests.swift; sourceTree = "<group>"; };
		4E6A55843065505C00E5D955 /* NoimplicitcopyAttrTests.swift */ = {isa = PBXFileReference; lastKnownFileType = sourcecode.swift; path = NoimplicitcopyAttrTests.swift; sourceTree = "<group>"; };
		4E6A55853065505C00E5D955 /* NumberIdentifierErrorsTests.swift */ = {isa = PBXFileReference; lastKnownFileType = sourcecode.swift; path = NumberIdentifierErrorsTests.swift; sourceTree = "<group>"; };
		4E6A55863065505C00E5D955 /* ObjcEnumTests.swift */ = {isa = PBXFileReference; lastKnownFileType = sourcecode.swift; path = ObjcEnumTests.swift; sourceTree = "<group>"; };
		4E6A55873065505C00E5D955 /* ObjectLiteralsTests.swift */ = {isa = PBXFileReference; lastKnownFileType = sourcecode.swift; path = ObjectLiteralsTests.swift; sourceTree = "<group>"; };
		4E6A55883065505C00E5D955 /* OperatorDeclDesignatedTypesTests.swift */ = {isa = PBXFileReference; lastKnownFileType = sourcecode.swift; path = OperatorDeclDesignatedTypesTests.swift; sourceTree = "<group>"; };
		4E6A55893065505C00E5D955 /* OperatorDeclTests.swift */ = {isa = PBXFileReference; lastKnownFileType = sourcecode.swift; path = OperatorDeclTests.swift; sourceTree = "<group>"; };
		4E6A558A3065505C00E5D955 /* OperatorsTests.swift */ = {isa = PBXFileReference; lastKnownFileType = sourcecode.swift; path = OperatorsTests.swift; sourceTree = "<group>"; };
		4E6A558B3065505C00E5D955 /* OptionalChainLvaluesTests.swift */ = {isa = PBXFileReference; lastKnownFileType = sourcecode.swift; path = OptionalChainLvaluesTests.swift; sourceTree = "<group>"; };
		4E6A558C3065505C00E5D955 /* OptionalLvaluesTests.swift */ = {isa = PBXFileReference; lastKnownFileType = sourcecode.swift; path = OptionalLvaluesTests.swift; sourceTree = "<group>"; };
		4E6A558D3065505C00E5D955 /* OptionalTests.swift */ = {isa = PBXFileReference; lastKnownFileType = sourcecode.swift; path = OptionalTests.swift; sourceTree = "<group>"; };
		4E6A558E3065505C00E5D955 /* OriginalDefinedInAttrTests.swift */ = {isa = PBXFileReference; lastKnownFileType = sourcecode.swift; path = OriginalDefinedInAttrTests.swift; sourceTree = "<group>"; };
		4E6A558F3065505C00E5D955 /* PatternWithoutVariablesScriptTests.swift */ = {isa = PBXFileReference; lastKnownFileType = sourcecode.swift; path = PatternWithoutVariablesScriptTests.swift; sourceTree = "<group>"; };
		4E6A55903065505C00E5D955 /* PatternWithoutVariablesTests.swift */ = {isa = PBXFileReference; lastKnownFileType = sourcecode.swift; path = PatternWithoutVariablesTests.swift; sourceTree = "<group>"; };
		4E6A55913065505C00E5D955 /* PlaygroundLvaluesTests.swift */ = {isa = PBXFileReference; lastKnownFileType = sourcecode.swift; path = PlaygroundLvaluesTests.swift; sourceTree = "<group>"; };
		4E6A55923065505C00E5D955 /* PoundAssertTests.swift */ = {isa = PBXFileReference; lastKnownFileType = sourcecode.swift; path = PoundAssertTests.swift; sourceTree = "<group>"; };
		4E6A55933065505C00E5D955 /* PrefixSlashTests.swift */ = {isa = PBXFileReference; lastKnownFileType = sourcecode.swift; path = PrefixSlashTests.swift; sourceTree = "<group>"; };
		4E6A55943065505C00E5D955 /* RawStringErrorsTests.swift */ = {isa = PBXFileReference; lastKnownFileType = sourcecode.swift; path = RawStringErrorsTests.swift; sourceTree = "<group>"; };
		4E6A55953065505C00E5D955 /* RawStringTests.swift */ = {isa = PBXFileReference; lastKnownFileType = sourcecode.swift; path = RawStringTests.swift; sourceTree = "<group>"; };
		4E6A55963065505C00E5D955 /* RecoveryLibraryTests.swift */ = {isa = PBXFileReference; lastKnownFileType = sourcecode.swift; path = RecoveryLibraryTests.swift; sourceTree = "<group>"; };
		4E6A55973065505C00E5D955 /* RecoveryTests.swift */ = {isa = PBXFileReference; lastKnownFileType = sourcecode.swift; path = RecoveryTests.swift; sourceTree = "<group>"; };
		4E6A55983065505C00E5D955 /* RegexParseEndOfBufferTests.swift */ = {isa = PBXFileReference; lastKnownFileType = sourcecode.swift; path = RegexParseEndOfBufferTests.swift; sourceTree = "<group>"; };
		4E6A55993065505C00E5D955 /* RegexParseErrorTests.swift */ = {isa = PBXFileReference; lastKnownFileType = sourcecode.swift; path = RegexParseErrorTests.swift; sourceTree = "<group>"; };
		4E6A559A3065505C00E5D955 /* RegexTests.swift */ = {isa = PBXFileReference; lastKnownFileType = sourcecode.swift; path = RegexTests.swift; sourceTree = "<group>"; };
		4E6A559B3065505C00E5D955 /* ResultBuilderTests.swift */ = {isa = PBXFileReference; lastKnownFileType = sourcecode.swift; path = ResultBuilderTests.swift; sourceTree = "<group>"; };
		4E6A559C3065505C00E5D955 /* SelfRebindingTests.swift */ = {isa = PBXFileReference; lastKnownFileType = sourcecode.swift; path = SelfRebindingTests.swift; sourceTree = "<group>"; };
		4E6A559D3065505C00E5D955 /* SemicolonTests.swift */ = {isa = PBXFileReference; lastKnownFileType = sourcecode.swift; path = SemicolonTests.swift; sourceTree = "<group>"; };
		4E6A559E3065505C00E5D955 /* StringLiteralEofTests.swift */ = {isa = PBXFileReference; lastKnownFileType = sourcecode.swift; path = StringLiteralEofTests.swift; sourceTree = "<group>"; };
		4E6A559F3065505C00E5D955 /* SubscriptingTests.swift */ = {isa = PBXFileReference; lastKnownFileType = sourcecode.swift; path = SubscriptingTests.swift; sourceTree = "<group>"; };
		4E6A55A03065505C00E5D955 /* SuperTests.swift */ = {isa = PBXFileReference; lastKnownFileType = sourcecode.swift; path = SuperTests.swift; sourceTree = "<group>"; };
		4E6A55A13065505C00E5D955 /* SwitchIncompleteTests.swift */ = {isa = PBXFileReference; lastKnownFileType = sourcecode.swift; path = SwitchIncompleteTests.swift; sourceTree = "<group>"; };
		4E6A55A23065505C00E5D955 /* SwitchTests.swift */ = {isa = PBXFileReference; lastKnownFileType = sourcecode.swift; path = SwitchTests.swift; sourceTree = "<group>"; };
		4E6A55A33065505C00E5D955 /* ToplevelLibraryTests.swift */ = {isa = PBXFileReference; lastKnownFileType = sourcecode.swift; path = ToplevelLibraryTests.swift; sourceTree = "<group>"; };
		4E6A55A43065505C00E5D955 /* TrailingClosuresTests.swift */ = {isa = PBXFileReference; lastKnownFileType = sourcecode.swift; path = TrailingClosuresTests.swift; sourceTree = "<group>"; };
		4E6A55A53065505C00E5D955 /* TrailingSemiTests.swift */ = {isa = PBXFileReference; lastKnownFileType = sourcecode.swift; path = TrailingSemiTests.swift; sourceTree = "<group>"; };
		4E6A55A63065505C00E5D955 /* TryTests.swift */ = {isa = PBXFileReference; lastKnownFileType = sourcecode.swift; path = TryTests.swift; sourceTree = "<group>"; };
		4E6A55A73065505C00E5D955 /* TypealiasTests.swift */ = {isa = PBXFileReference; lastKnownFileType = sourcecode.swift; path = TypealiasTests.swift; sourceTree = "<group>"; };
		4E6A55A83065505C00E5D955 /* TypeExprTests.swift */ = {isa = PBXFileReference; lastKnownFileType = sourcecode.swift; path = TypeExprTests.swift; sourceTree = "<group>"; };
		4E6A55A93065505C00E5D955 /* UnclosedStringInterpolationTests.swift */ = {isa = PBXFileReference; lastKnownFileType = sourcecode.swift; path = UnclosedStringInterpolationTests.swift; sourceTree = "<group>"; };
		4E6A55AB3065505C00E5D955 /* AbsolutePositionTests.swift */ = {isa = PBXFileReference; lastKnownFileType = sourcecode.swift; path = AbsolutePositionTests.swift; sourceTree = "<group>"; };
		4E6A55AC3065505C00E5D955 /* Assertions.swift */ = {isa = PBXFileReference; lastKnownFileType = sourcecode.swift; path = Assertions.swift; sourceTree = "<group>"; };
		4E6A55AD3065505C00E5D955 /* AttributeTests.swift */ = {isa = PBXFileReference; lastKnownFileType = sourcecode.swift; path = AttributeTests.swift; sourceTree = "<group>"; };
		4E6A55AE3065505C00E5D955 /* AvailabilityTests.swift */ = {isa = PBXFileReference; lastKnownFileType = sourcecode.swift; path = AvailabilityTests.swift; sourceTree = "<group>"; };
		4E6A55AF3065505C00E5D955 /* ClosureMissingInTests.swift */ = {isa = PBXFileReference; lastKnownFileType = sourcecode.swift; path = ClosureMissingInTests.swift; sourceTree = "<group>"; };
		4E6A55B03065505C00E5D955 /* DeclarationTests.swift */ = {isa = PBXFileReference; lastKnownFileType = sourcecode.swift; path = DeclarationTests.swift; sourceTree = "<group>"; };
		4E6A55B13065505C00E5D955 /* DirectiveTests.swift */ = {isa = PBXFileReference; lastKnownFileType = sourcecode.swift; path = DirectiveTests.swift; sourceTree = "<group>"; };
		4E6A55B23065505C00E5D955 /* DoExpressionTests.swift */ = {isa = PBXFileReference; lastKnownFileType = sourcecode.swift; path = DoExpressionTests.swift; sourceTree = "<group>"; };
		4E6A55B33065505C00E5D955 /* ExpressionInterpretedAsVersionTupleTests.swift */ = {isa = PBXFileReference; lastKnownFileType = sourcecode.swift; path = ExpressionInterpretedAsVersionTupleTests.swift; sourceTree = "<group>"; };
		4E6A55B43065505C00E5D955 /* ExpressionTests.swift */ = {isa = PBXFileReference; lastKnownFileType = sourcecode.swift; path = ExpressionTests.swift; sourceTree = "<group>"; };
		4E6A55B53065505C00E5D955 /* ExpressionTypeTests.swift */ = {isa = PBXFileReference; lastKnownFileType = sourcecode.swift; path = ExpressionTypeTests.swift; sourceTree = "<group>"; };
		4E6A55B63065505C00E5D955 /* IncrementalParsingTests.swift */ = {isa = PBXFileReference; lastKnownFileType = sourcecode.swift; path = IncrementalParsingTests.swift; sourceTree = "<group>"; };
		4E6A55B73065505C00E5D955 /* IsValidIdentifierTests.swift */ = {isa = PBXFileReference; lastKnownFileType = sourcecode.swift; path = IsValidIdentifierTests.swift; sourceTree = "<group>"; };
		4E6A55B83065505C00E5D955 /* LexerTests.swift */ = {isa = PBXFileReference; lastKnownFileType = sourcecode.swift; path = LexerTests.swift; sourceTree = "<group>"; };
		4E6A55B93065505C00E5D955 /* Parser+EntryTests.swift */ = {isa = PBXFileReference; lastKnownFileType = sourcecode.swift; path = "Parser+EntryTests.swift"; sourceTree = "<group>"; };
		4E6A55BA3065505C00E5D955 /* ParserTestCase.swift */ = {isa = PBXFileReference; lastKnownFileType = sourcecode.swift; path = ParserTestCase.swift; sourceTree = "<group>"; };
		4E6A55BB3065505C00E5D955 /* ParserTests.swift */ = {isa = PBXFileReference; lastKnownFileType = sourcecode.swift; path = ParserTests.swift; sourceTree = "<group>"; };
		4E6A55BC3065505C00E5D955 /* PatternTests.swift */ = {isa = PBXFileReference; lastKnownFileType = sourcecode.swift; path = PatternTests.swift; sourceTree = "<group>"; };
		4E6A55BD3065505C00E5D955 /* RegexLiteralTests.swift */ = {isa = PBXFileReference; lastKnownFileType = sourcecode.swift; path = RegexLiteralTests.swift; sourceTree = "<group>"; };
		4E6A55BE3065505C00E5D955 /* SendingTest.swift */ = {isa = PBXFileReference; lastKnownFileType = sourcecode.swift; path = SendingTest.swift; sourceTree = "<group>"; };
		4E6A55BF3065505C00E5D955 /* SequentialToConcurrentEditTranslationTests.swift */ = {isa = PBXFileReference; lastKnownFileType = sourcecode.swift; path = SequentialToConcurrentEditTranslationTests.swift; sourceTree = "<group>"; };
		4E6A55C03065505C00E5D955 /* StatementTests.swift */ = {isa = PBXFileReference; lastKnownFileType = sourcecode.swift; path = StatementTests.swift; sourceTree = "<group>"; };
		4E6A55C13065505C00E5D955 /* StringLiteralRepresentedLiteralValueTests.swift */ = {isa = PBXFileReference; lastKnownFileType = sourcecode.swift; path = StringLiteralRepresentedLiteralValueTests.swift; sourceTree = "<group>"; };
		4E6A55C23065505C00E5D955 /* TestEverythingUnexpectedTests.swift */ = {isa = PBXFileReference; lastKnownFileType = sourcecode.swift; path = TestEverythingUnexpectedTests.swift; sourceTree = "<group>"; };
		4E6A55C33065505C00E5D955 /* ThenStatementTests.swift */ = {isa = PBXFileReference; lastKnownFileType = sourcecode.swift; path = ThenStatementTests.swift; sourceTree = "<group>"; };
		4E6A55C43065505C00E5D955 /* TrailingCommaTests.swift */ = {isa = PBXFileReference; lastKnownFileType = sourcecode.swift; path = TrailingCommaTests.swift; sourceTree = "<group>"; };
		4E6A55C53065505C00E5D955 /* TriviaParserTests.swift */ = {isa = PBXFileReference; lastKnownFileType = sourcecode.swift; path = TriviaParserTests.swift; sourceTree = "<group>"; };
		4E6A55C63065505C00E5D955 /* TypeCompositionTests.swift */ = {isa = PBXFileReference; lastKnownFileType = sourcecode.swift; path = TypeCompositionTests.swift; sourceTree = "<group>"; };
		4E6A55C73065505C00E5D955 /* TypeMemberTests.swift */ = {isa = PBXFileReference; lastKnownFileType = sourcecode.swift; path = TypeMemberTests.swift; sourceTree = "<group>"; };
		4E6A55C83065505C00E5D955 /* TypeMetatypeTests.swift */ = {isa = PBXFileReference; lastKnownFileType = sourcecode.swift; path = TypeMetatypeTests.swift; sourceTree = "<group>"; };
		4E6A55C93065505C00E5D955 /* TypeTests.swift */ = {isa = PBXFileReference; lastKnownFileType = sourcecode.swift; path = TypeTests.swift; sourceTree = "<group>"; };
		4E6A55CA3065505C00E5D955 /* Utils.swift */ = {isa = PBXFileReference; lastKnownFileType = sourcecode.swift; path = Utils.swift; sourceTree = "<group>"; };
		4E6A55CB3065505C00E5D955 /* ValueGenericsTests.swift */ = {isa = PBXFileReference; lastKnownFileType = sourcecode.swift; path = ValueGenericsTests.swift; sourceTree = "<group>"; };
		4E6A55CC3065505C00E5D955 /* VariadicGenericsTests.swift */ = {isa = PBXFileReference; lastKnownFileType = sourcecode.swift; path = VariadicGenericsTests.swift; sourceTree = "<group>"; };
		4E6A55CE3065505C00E5D955 /* extract_rejects.py */ = {isa = PBXFileReference; lastKnownFileType = text.script.python; path = extract_rejects.py; sourceTree = "<group>"; };
		4E6A55CF3065505C00E5D955 /* extract_snippets.py */ = {isa = PBXFileReference; lastKnownFileType = text.script.python; path = extract_snippets.py; sourceTree = "<group>"; };
		4E6A55D03065505C00E5D955 /* oracle_ann_sweep.py */ = {isa = PBXFileReference; lastKnownFileType = text.script.python; path = oracle_ann_sweep.py; sourceTree = "<group>"; };
		4E6A55D13065505C00E5D955 /* rank_tree_diffs.py */ = {isa = PBXFileReference; lastKnownFileType = text.script.python; path = rank_tree_diffs.py; sourceTree = "<group>"; };
		4E6A55D23065505C00E5D955 /* run_tests.sh */ = {isa = PBXFileReference; lastKnownFileType = text.script.sh; path = run_tests.sh; sourceTree = "<group>"; };
		4E6A55D33065505C00E5D955 /* sweep_results.tsv */ = {isa = PBXFileReference; lastKnownFileType = text; path = sweep_results.tsv; sourceTree = "<group>"; };
		4E6A72B53065537D00E5D955 /* GeneratedParser.swift */ = {isa = PBXFileReference; lastKnownFileType = sourcecode.swift; path = GeneratedParser.swift; sourceTree = "<group>"; };
/* End PBXFileReference section */

/* Begin PBXFileSystemSynchronizedBuildFileExceptionSet section */
		4E6A53903065369C00E5D955 /* Exceptions for "ApusApus" folder in "ApusApusTests" target */ = {
			isa = PBXFileSystemSynchronizedBuildFileExceptionSet;
			membershipExceptions = (
				ApusParser.swift,
				ApusTerminals.swift,
				ApusToHTML.swift,
				ApusToMD.swift,
				BinarySubtreeRepresentation.swift,
				CallReturnForest.swift,
				DerivationBuilder.swift,
				Descriptor.swift,
				GenerateParser.swift,
				GenerateSwiftSyntaxAST.swift,
				Grammar.swift,
				GrammarDiagnostics.swift,
				GrammarNode.swift,
				LayoutTokenInjection.swift,
				Lexer.swift,
				Loggers.swift,
				main.swift,
				MessageParser.swift,
				Oracle.swift,
				OutputTools.swift,
				Scanner.swift,
				ScannerTelemetry.swift,
				StringExtensions.swift,
				SwiftGrammarRegexLibrary.swift,
			);
			target = 4E5D011B305AB8330025E456 /* ApusApusTests */;
		};
/* End PBXFileSystemSynchronizedBuildFileExceptionSet section */

/* Begin PBXFileSystemSynchronizedRootGroup section */
		000000000000000000000010 /* ApusApus */ = {
			isa = PBXFileSystemSynchronizedRootGroup;
			exceptions = (
				4E6A53903065369C00E5D955 /* Exceptions for "ApusApus" folder in "ApusApusTests" target */,
			);
			path = ApusApus;
			sourceTree = "<group>";
		};
		4E5D011D305AB8330025E456 /* ApusApusTests */ = {
			isa = PBXFileSystemSynchronizedRootGroup;
			path = ApusApusTests;
			sourceTree = "<group>";
		};
		4E5D0128305AC2110025E456 /* tinyGLL */ = {
			isa = PBXFileSystemSynchronizedRootGroup;
			path = tinyGLL;
			sourceTree = "<group>";
		};
		4E6A546A3065387400E5D955 /* grammars */ = {
			isa = PBXFileSystemSynchronizedRootGroup;
			explicitFileTypes = {
				AfroozehHunt.apus = sourcecode.swift;
				Swift.apus = sourcecode.swift;
				TortureSyntax.apus = sourcecode.swift;
				apus.apus = sourcecode.swift;
				apusWithAction.apus = sourcecode.swift;
				layout.apus = sourcecode.swift;
				"regex-operator.apus" = sourcecode.swift;
				test.apus = sourcecode.swift;
				tortureART.apus = sourcecode.swift;
				tortureEBNF.apus = sourcecode.swift;
			};
			path = grammars;
			sourceTree = "<group>";
		};
		4E6A54A9306539A900E5D955 /* articles */ = {
			isa = PBXFileSystemSynchronizedRootGroup;
			path = articles;
			sourceTree = "<group>";
		};
		4E6A54C530654F3500E5D955 /* documentation */ = {
			isa = PBXFileSystemSynchronizedRootGroup;
			path = documentation;
			sourceTree = "<group>";
		};
		4E6A55FA3065518700E5D955 /* SwiftSyntaxFuzzer */ = {
			isa = PBXFileSystemSynchronizedRootGroup;
			path = SwiftSyntaxFuzzer;
			sourceTree = "<group>";
		};
/* End PBXFileSystemSynchronizedRootGroup section */

/* Begin PBXFrameworksBuildPhase section */
		000000000000000130000000 /* Frameworks */ = {
			isa = PBXFrameworksBuildPhase;
			files = (
				4E5D0117305AB7300025E456 /* BitCollections in Frameworks */,
				4E782D1B30655CEB0092C2C7 /* SwiftParser in Frameworks */,
				4E782D1930655CC80092C2C7 /* SwiftSyntax in Frameworks */,
			);
		};
		4E5D0119305AB8330025E456 /* Frameworks */ = {
			isa = PBXFrameworksBuildPhase;
			files = (
				4E6A72B93065581C00E5D955 /* SwiftBasicFormat in Frameworks */,
				4E782D1D30655D250092C2C7 /* BitCollections in Frameworks */,
				4E6A72BF3065581C00E5D955 /* SwiftSyntaxBuilder in Frameworks */,
				4E6A72BD3065581C00E5D955 /* SwiftSyntax in Frameworks */,
				4E6A72BB3065581C00E5D955 /* SwiftParser in Frameworks */,
			);
		};
		4E5D0124305AC2110025E456 /* Frameworks */ = {
			isa = PBXFrameworksBuildPhase;
			files = (
			);
		};
/* End PBXFrameworksBuildPhase section */

/* Begin PBXGroup section */
		000000000000000000000001 = {
			isa = PBXGroup;
			children = (
				4E6A72B63065537D00E5D955 /* tinyGLL-generated */,
				4E6A55FA3065518700E5D955 /* SwiftSyntaxFuzzer */,
				4E6A54AA3065402D00E5D955 /* AGENTS.md */,
				4E6A54AE3065402D00E5D955 /* claude.md */,
				4E6A54AF3065402D00E5D955 /* codex.md */,
				4E6A54C13065402D00E5D955 /* TESTING.md */,
				4E6A54C33065402D00E5D955 /* TODO.md */,
				000000000000000000000010 /* ApusApus */,
				4E5D011D305AB8330025E456 /* ApusApusTests */,
				4E6A54A9306539A900E5D955 /* articles */,
				4E6A54C530654F3500E5D955 /* documentation */,
				4E6A546A3065387400E5D955 /* grammars */,
				000000000000000000000020 /* Products */,
				4E5D0128305AC2110025E456 /* tinyGLL */,
				4E6A55D43065505C00E5D955 /* tools */,
				4E782D1330655CB60092C2C7 /* Frameworks */,
			);
			sourceTree = "<group>";
		};
		000000000000000000000020 /* Products */ = {
			isa = PBXGroup;
			children = (
				000000000000000000000120 /* ApusApus */,
				4E5D011C305AB8330025E456 /* ApusApusTests.xctest */,
				4E5D0127305AC2110025E456 /* tinyGLL.app */,
			);
			name = Products;
			sourceTree = "<group>";
		};
		4E6A54ED3065505C00E5D955 /* sweep_logs */ = {
			isa = PBXGroup;
			children = (
				4E6A54C83065505C00E5D955 /* 000.log */,
				4E6A54C93065505C00E5D955 /* 002.log */,
				4E6A54CA3065505C00E5D955 /* 003.log */,
				4E6A54CB3065505C00E5D955 /* 006.log */,
				4E6A54CC3065505C00E5D955 /* 007.log */,
				4E6A54CD3065505C00E5D955 /* 008.log */,
				4E6A54CE3065505C00E5D955 /* 009.log */,
				4E6A54CF3065505C00E5D955 /* 010.log */,
				4E6A54D03065505C00E5D955 /* 014.log */,
				4E6A54D13065505C00E5D955 /* 015.log */,
				4E6A54D23065505C00E5D955 /* 016.log */,
				4E6A54D33065505C00E5D955 /* 021.log */,
				4E6A54D43065505C00E5D955 /* 022.log */,
				4E6A54D53065505C00E5D955 /* 025.log */,
				4E6A54D63065505C00E5D955 /* 026.log */,
				4E6A54D73065505C00E5D955 /* 027.log */,
				4E6A54D83065505C00E5D955 /* 028.log */,
				4E6A54D93065505C00E5D955 /* 029.log */,
				4E6A54DA3065505C00E5D955 /* 030.log */,
				4E6A54DB3065505C00E5D955 /* 032.log */,
				4E6A54DC3065505C00E5D955 /* 034.log */,
				4E6A54DD3065505C00E5D955 /* 036.log */,
				4E6A54DE3065505C00E5D955 /* 038.log */,
				4E6A54DF3065505C00E5D955 /* 040.log */,
				4E6A54E03065505C00E5D955 /* 043.log */,
				4E6A54E13065505C00E5D955 /* 047.log */,
				4E6A54E23065505C00E5D955 /* 048.log */,
				4E6A54E33065505C00E5D955 /* 051.log */,
				4E6A54E43065505C00E5D955 /* 052.log */,
				4E6A54E53065505C00E5D955 /* 054.log */,
				4E6A54E63065505C00E5D955 /* 055.log */,
				4E6A54E73065505C00E5D955 /* 056.log */,
				4E6A54E83065505C00E5D955 /* 057.log */,
				4E6A54E93065505C00E5D955 /* 058.log */,
				4E6A54EA3065505C00E5D955 /* 059.log */,
				4E6A54EB3065505C00E5D955 /* 061.log */,
				4E6A54EC3065505C00E5D955 /* 062.log */,
			);
			path = sweep_logs;
			sourceTree = "<group>";
		};
		4E6A55483065505C00E5D955 /* translated */ = {
			isa = PBXGroup;
			children = (
				4E6A54EE3065505C00E5D955 /* ActorTests.swift */,
				4E6A54EF3065505C00E5D955 /* AlwaysEmitConformanceMetadataAttrTests.swift */,
				4E6A54F03065505C00E5D955 /* AsyncSyntaxTests.swift */,
				4E6A54F13065505C00E5D955 /* AsyncTests.swift */,
				4E6A54F23065505C00E5D955 /* AvailabilityQueryTests.swift */,
				4E6A54F33065505C00E5D955 /* AvailabilityQueryUnavailabilityTests.swift */,
				4E6A54F43065505C00E5D955 /* BorrowExprTests.swift */,
				4E6A54F53065505C00E5D955 /* BraceRecoveryEofTests.swift */,
				4E6A54F63065505C00E5D955 /* BuiltinBridgeObjectTests.swift */,
				4E6A54F73065505C00E5D955 /* BuiltinWordTests.swift */,
				4E6A54F83065505C00E5D955 /* ConflictMarkersTests.swift */,
				4E6A54F93065505C00E5D955 /* ConsecutiveStatementsTests.swift */,
				4E6A54FA3065505C00E5D955 /* CopyExprTests.swift */,
				4E6A54FB3065505C00E5D955 /* DebuggerTests.swift */,
				4E6A54FC3065505C00E5D955 /* DelayedExtensionTests.swift */,
				4E6A54FD3065505C00E5D955 /* DeprecatedWhereTests.swift */,
				4E6A54FE3065505C00E5D955 /* DiagnoseAvailabilityTests.swift */,
				4E6A54FF3065505C00E5D955 /* DiagnoseAvailabilityWindowsTests.swift */,
				4E6A55003065505C00E5D955 /* DiagnoseDynamicReplacementTests.swift */,
				4E6A55013065505C00E5D955 /* DiagnoseInitializerAsTypedPatternTests.swift */,
				4E6A55023065505C00E5D955 /* DiagnosticMissingFuncKeywordTests.swift */,
				4E6A55033065505C00E5D955 /* DollarIdentifierTests.swift */,
				4E6A55043065505C00E5D955 /* EffectfulPropertiesTests.swift */,
				4E6A55053065505C00E5D955 /* EnumElementPatternSwift4Tests.swift */,
				4E6A55063065505C00E5D955 /* EnumTests.swift */,
				4E6A55073065505C00E5D955 /* ErrorsTests.swift */,
				4E6A55083065505C00E5D955 /* EscapedIdentifiersTests.swift */,
				4E6A55093065505C00E5D955 /* ForeachAsyncTests.swift */,
				4E6A550A3065505C00E5D955 /* ForeachTests.swift */,
				4E6A550B3065505C00E5D955 /* ForwardSlashRegexSkippingAllowedTests.swift */,
				4E6A550C3065505C00E5D955 /* ForwardSlashRegexSkippingInvalidTests.swift */,
				4E6A550D3065505C00E5D955 /* ForwardSlashRegexSkippingTests.swift */,
				4E6A550E3065505C00E5D955 /* ForwardSlashRegexTests.swift */,
				4E6A550F3065505C00E5D955 /* GenericDisambiguationTests.swift */,
				4E6A55103065505C00E5D955 /* GuardTests.swift */,
				4E6A55113065505C00E5D955 /* GuardTopLevelTests.swift */,
				4E6A55123065505C00E5D955 /* HashbangLibraryTests.swift */,
				4E6A55133065505C00E5D955 /* HashbangMainTests.swift */,
				4E6A55143065505C00E5D955 /* IdentifiersTests.swift */,
				4E6A55153065505C00E5D955 /* IfconfigExprTests.swift */,
				4E6A55163065505C00E5D955 /* ImplicitGetterIncompleteTests.swift */,
				4E6A55173065505C00E5D955 /* InitDeinitTests.swift */,
				4E6A55183065505C00E5D955 /* InvalidIfExprTests.swift */,
				4E6A55193065505C00E5D955 /* InvalidStringInterpolationProtocolTests.swift */,
				4E6A551A3065505C00E5D955 /* InvalidTests.swift */,
				4E6A551B3065505C00E5D955 /* MatchingPatternsTests.swift */,
				4E6A551C3065505C00E5D955 /* MetatypeObjectConversionTests.swift */,
				4E6A551D3065505C00E5D955 /* ModuleSelectorTests.swift */,
				4E6A551E3065505C00E5D955 /* MoveExprTests.swift */,
				4E6A551F3065505C00E5D955 /* MultilineErrorsTests.swift */,
				4E6A55203065505C00E5D955 /* MultilinePoundDiagnosticArgRdar41154797Tests.swift */,
				4E6A55213065505C00E5D955 /* MultilineStringTests.swift */,
				4E6A55223065505C00E5D955 /* NoimplicitcopyAttrTests.swift */,
				4E6A55233065505C00E5D955 /* NumberIdentifierErrorsTests.swift */,
				4E6A55243065505C00E5D955 /* ObjcEnumTests.swift */,
				4E6A55253065505C00E5D955 /* ObjectLiteralsTests.swift */,
				4E6A55263065505C00E5D955 /* OperatorDeclDesignatedTypesTests.swift */,
				4E6A55273065505C00E5D955 /* OperatorDeclTests.swift */,
				4E6A55283065505C00E5D955 /* OperatorsTests.swift */,
				4E6A55293065505C00E5D955 /* OptionalChainLvaluesTests.swift */,
				4E6A552A3065505C00E5D955 /* OptionalLvaluesTests.swift */,
				4E6A552B3065505C00E5D955 /* OptionalTests.swift */,
				4E6A552C3065505C00E5D955 /* OriginalDefinedInAttrTests.swift */,
				4E6A552D3065505C00E5D955 /* PatternWithoutVariablesScriptTests.swift */,
				4E6A552E3065505C00E5D955 /* PatternWithoutVariablesTests.swift */,
				4E6A552F3065505C00E5D955 /* PlaygroundLvaluesTests.swift */,
				4E6A55303065505C00E5D955 /* PoundAssertTests.swift */,
				4E6A55313065505C00E5D955 /* PrefixSlashTests.swift */,
				4E6A55323065505C00E5D955 /* RawStringErrorsTests.swift */,
				4E6A55333065505C00E5D955 /* RawStringTests.swift */,
				4E6A55343065505C00E5D955 /* RecoveryLibraryTests.swift */,
				4E6A55353065505C00E5D955 /* RecoveryTests.swift */,
				4E6A55363065505C00E5D955 /* RegexParseEndOfBufferTests.swift */,
				4E6A55373065505C00E5D955 /* RegexParseErrorTests.swift */,
				4E6A55383065505C00E5D955 /* RegexTests.swift */,
				4E6A55393065505C00E5D955 /* ResultBuilderTests.swift */,
				4E6A553A3065505C00E5D955 /* SelfRebindingTests.swift */,
				4E6A553B3065505C00E5D955 /* SemicolonTests.swift */,
				4E6A553C3065505C00E5D955 /* StringLiteralEofTests.swift */,
				4E6A553D3065505C00E5D955 /* SubscriptingTests.swift */,
				4E6A553E3065505C00E5D955 /* SuperTests.swift */,
				4E6A553F3065505C00E5D955 /* SwitchIncompleteTests.swift */,
				4E6A55403065505C00E5D955 /* SwitchTests.swift */,
				4E6A55413065505C00E5D955 /* ToplevelLibraryTests.swift */,
				4E6A55423065505C00E5D955 /* TrailingClosuresTests.swift */,
				4E6A55433065505C00E5D955 /* TrailingSemiTests.swift */,
				4E6A55443065505C00E5D955 /* TryTests.swift */,
				4E6A55453065505C00E5D955 /* TypealiasTests.swift */,
				4E6A55463065505C00E5D955 /* TypeExprTests.swift */,
				4E6A55473065505C00E5D955 /* UnclosedStringInterpolationTests.swift */,
			);
			path = translated;
			sourceTree = "<group>";
		};
		4E6A554F3065505C00E5D955 /* swiftsyntax_tests */ = {
			isa = PBXGroup;
			children = (
				4E6A55483065505C00E5D955 /* translated */,
				4E6A55493065505C00E5D955 /* AttributeTests.swift */,
				4E6A554A3065505C00E5D955 /* DeclarationTests.swift */,
				4E6A554B3065505C00E5D955 /* ExpressionTests.swift */,
				4E6A554C3065505C00E5D955 /* PatternTests.swift */,
				4E6A554D3065505C00E5D955 /* StatementTests.swift */,
				4E6A554E3065505C00E5D955 /* TypeTests.swift */,
			);
			path = swiftsyntax_tests;
			sourceTree = "<group>";
		};
		4E6A55AA3065505C00E5D955 /* translated */ = {
			isa = PBXGroup;
			children = (
				4E6A55503065505C00E5D955 /* ActorTests.swift */,
				4E6A55513065505C00E5D955 /* AlwaysEmitConformanceMetadataAttrTests.swift */,
				4E6A55523065505C00E5D955 /* AsyncSyntaxTests.swift */,
				4E6A55533065505C00E5D955 /* AsyncTests.swift */,
				4E6A55543065505C00E5D955 /* AvailabilityQueryTests.swift */,
				4E6A55553065505C00E5D955 /* AvailabilityQueryUnavailabilityTests.swift */,
				4E6A55563065505C00E5D955 /* BorrowExprTests.swift */,
				4E6A55573065505C00E5D955 /* BraceRecoveryEofTests.swift */,
				4E6A55583065505C00E5D955 /* BuiltinBridgeObjectTests.swift */,
				4E6A55593065505C00E5D955 /* BuiltinWordTests.swift */,
				4E6A555A3065505C00E5D955 /* ConflictMarkersTests.swift */,
				4E6A555B3065505C00E5D955 /* ConsecutiveStatementsTests.swift */,
				4E6A555C3065505C00E5D955 /* CopyExprTests.swift */,
				4E6A555D3065505C00E5D955 /* DebuggerTests.swift */,
				4E6A555E3065505C00E5D955 /* DelayedExtensionTests.swift */,
				4E6A555F3065505C00E5D955 /* DeprecatedWhereTests.swift */,
				4E6A55603065505C00E5D955 /* DiagnoseAvailabilityTests.swift */,
				4E6A55613065505C00E5D955 /* DiagnoseAvailabilityWindowsTests.swift */,
				4E6A55623065505C00E5D955 /* DiagnoseDynamicReplacementTests.swift */,
				4E6A55633065505C00E5D955 /* DiagnoseInitializerAsTypedPatternTests.swift */,
				4E6A55643065505C00E5D955 /* DiagnosticMissingFuncKeywordTests.swift */,
				4E6A55653065505C00E5D955 /* DollarIdentifierTests.swift */,
				4E6A55663065505C00E5D955 /* EffectfulPropertiesTests.swift */,
				4E6A55673065505C00E5D955 /* EnumElementPatternSwift4Tests.swift */,
				4E6A55683065505C00E5D955 /* EnumTests.swift */,
				4E6A55693065505C00E5D955 /* ErrorsTests.swift */,
				4E6A556A3065505C00E5D955 /* EscapedIdentifiersTests.swift */,
				4E6A556B3065505C00E5D955 /* ForeachAsyncTests.swift */,
				4E6A556C3065505C00E5D955 /* ForeachTests.swift */,
				4E6A556D3065505C00E5D955 /* ForwardSlashRegexSkippingAllowedTests.swift */,
				4E6A556E3065505C00E5D955 /* ForwardSlashRegexSkippingInvalidTests.swift */,
				4E6A556F3065505C00E5D955 /* ForwardSlashRegexSkippingTests.swift */,
				4E6A55703065505C00E5D955 /* ForwardSlashRegexTests.swift */,
				4E6A55713065505C00E5D955 /* GenericDisambiguationTests.swift */,
				4E6A55723065505C00E5D955 /* GuardTests.swift */,
				4E6A55733065505C00E5D955 /* GuardTopLevelTests.swift */,
				4E6A55743065505C00E5D955 /* HashbangLibraryTests.swift */,
				4E6A55753065505C00E5D955 /* HashbangMainTests.swift */,
				4E6A55763065505C00E5D955 /* IdentifiersTests.swift */,
				4E6A55773065505C00E5D955 /* IfconfigExprTests.swift */,
				4E6A55783065505C00E5D955 /* ImplicitGetterIncompleteTests.swift */,
				4E6A55793065505C00E5D955 /* InitDeinitTests.swift */,
				4E6A557A3065505C00E5D955 /* InvalidIfExprTests.swift */,
				4E6A557B3065505C00E5D955 /* InvalidStringInterpolationProtocolTests.swift */,
				4E6A557C3065505C00E5D955 /* InvalidTests.swift */,
				4E6A557D3065505C00E5D955 /* MatchingPatternsTests.swift */,
				4E6A557E3065505C00E5D955 /* MetatypeObjectConversionTests.swift */,
				4E6A557F3065505C00E5D955 /* ModuleSelectorTests.swift */,
				4E6A55803065505C00E5D955 /* MoveExprTests.swift */,
				4E6A55813065505C00E5D955 /* MultilineErrorsTests.swift */,
				4E6A55823065505C00E5D955 /* MultilinePoundDiagnosticArgRdar41154797Tests.swift */,
				4E6A55833065505C00E5D955 /* MultilineStringTests.swift */,
				4E6A55843065505C00E5D955 /* NoimplicitcopyAttrTests.swift */,
				4E6A55853065505C00E5D955 /* NumberIdentifierErrorsTests.swift */,
				4E6A55863065505C00E5D955 /* ObjcEnumTests.swift */,
				4E6A55873065505C00E5D955 /* ObjectLiteralsTests.swift */,
				4E6A55883065505C00E5D955 /* OperatorDeclDesignatedTypesTests.swift */,
				4E6A55893065505C00E5D955 /* OperatorDeclTests.swift */,
				4E6A558A3065505C00E5D955 /* OperatorsTests.swift */,
				4E6A558B3065505C00E5D955 /* OptionalChainLvaluesTests.swift */,
				4E6A558C3065505C00E5D955 /* OptionalLvaluesTests.swift */,
				4E6A558D3065505C00E5D955 /* OptionalTests.swift */,
				4E6A558E3065505C00E5D955 /* OriginalDefinedInAttrTests.swift */,
				4E6A558F3065505C00E5D955 /* PatternWithoutVariablesScriptTests.swift */,
				4E6A55903065505C00E5D955 /* PatternWithoutVariablesTests.swift */,
				4E6A55913065505C00E5D955 /* PlaygroundLvaluesTests.swift */,
				4E6A55923065505C00E5D955 /* PoundAssertTests.swift */,
				4E6A55933065505C00E5D955 /* PrefixSlashTests.swift */,
				4E6A55943065505C00E5D955 /* RawStringErrorsTests.swift */,
				4E6A55953065505C00E5D955 /* RawStringTests.swift */,
				4E6A55963065505C00E5D955 /* RecoveryLibraryTests.swift */,
				4E6A55973065505C00E5D955 /* RecoveryTests.swift */,
				4E6A55983065505C00E5D955 /* RegexParseEndOfBufferTests.swift */,
				4E6A55993065505C00E5D955 /* RegexParseErrorTests.swift */,
				4E6A559A3065505C00E5D955 /* RegexTests.swift */,
				4E6A559B3065505C00E5D955 /* ResultBuilderTests.swift */,
				4E6A559C3065505C00E5D955 /* SelfRebindingTests.swift */,
				4E6A559D3065505C00E5D955 /* SemicolonTests.swift */,
				4E6A559E3065505C00E5D955 /* StringLiteralEofTests.swift */,
				4E6A559F3065505C00E5D955 /* SubscriptingTests.swift */,
				4E6A55A03065505C00E5D955 /* SuperTests.swift */,
				4E6A55A13065505C00E5D955 /* SwitchIncompleteTests.swift */,
				4E6A55A23065505C00E5D955 /* SwitchTests.swift */,
				4E6A55A33065505C00E5D955 /* ToplevelLibraryTests.swift */,
				4E6A55A43065505C00E5D955 /* TrailingClosuresTests.swift */,
				4E6A55A53065505C00E5D955 /* TrailingSemiTests.swift */,
				4E6A55A63065505C00E5D955 /* TryTests.swift */,
				4E6A55A73065505C00E5D955 /* TypealiasTests.swift */,
				4E6A55A83065505C00E5D955 /* TypeExprTests.swift */,
				4E6A55A93065505C00E5D955 /* UnclosedStringInterpolationTests.swift */,
			);
			path = translated;
			sourceTree = "<group>";
		};
		4E6A55CD3065505C00E5D955 /* swiftsyntax_tests_604 */ = {
			isa = PBXGroup;
			children = (
				4E6A55AA3065505C00E5D955 /* translated */,
				4E6A55AB3065505C00E5D955 /* AbsolutePositionTests.swift */,
				4E6A55AC3065505C00E5D955 /* Assertions.swift */,
				4E6A55AD3065505C00E5D955 /* AttributeTests.swift */,
				4E6A55AE3065505C00E5D955 /* AvailabilityTests.swift */,
				4E6A55AF3065505C00E5D955 /* ClosureMissingInTests.swift */,
				4E6A55B03065505C00E5D955 /* DeclarationTests.swift */,
				4E6A55B13065505C00E5D955 /* DirectiveTests.swift */,
				4E6A55B23065505C00E5D955 /* DoExpressionTests.swift */,
				4E6A55B33065505C00E5D955 /* ExpressionInterpretedAsVersionTupleTests.swift */,
				4E6A55B43065505C00E5D955 /* ExpressionTests.swift */,
				4E6A55B53065505C00E5D955 /* ExpressionTypeTests.swift */,
				4E6A55B63065505C00E5D955 /* IncrementalParsingTests.swift */,
				4E6A55B73065505C00E5D955 /* IsValidIdentifierTests.swift */,
				4E6A55B83065505C00E5D955 /* LexerTests.swift */,
				4E6A55B93065505C00E5D955 /* Parser+EntryTests.swift */,
				4E6A55BA3065505C00E5D955 /* ParserTestCase.swift */,
				4E6A55BB3065505C00E5D955 /* ParserTests.swift */,
				4E6A55BC3065505C00E5D955 /* PatternTests.swift */,
				4E6A55BD3065505C00E5D955 /* RegexLiteralTests.swift */,
				4E6A55BE3065505C00E5D955 /* SendingTest.swift */,
				4E6A55BF3065505C00E5D955 /* SequentialToConcurrentEditTranslationTests.swift */,
				4E6A55C03065505C00E5D955 /* StatementTests.swift */,
				4E6A55C13065505C00E5D955 /* StringLiteralRepresentedLiteralValueTests.swift */,
				4E6A55C23065505C00E5D955 /* TestEverythingUnexpectedTests.swift */,
				4E6A55C33065505C00E5D955 /* ThenStatementTests.swift */,
				4E6A55C43065505C00E5D955 /* TrailingCommaTests.swift */,
				4E6A55C53065505C00E5D955 /* TriviaParserTests.swift */,
				4E6A55C63065505C00E5D955 /* TypeCompositionTests.swift */,
				4E6A55C73065505C00E5D955 /* TypeMemberTests.swift */,
				4E6A55C83065505C00E5D955 /* TypeMetatypeTests.swift */,
				4E6A55C93065505C00E5D955 /* TypeTests.swift */,
				4E6A55CA3065505C00E5D955 /* Utils.swift */,
				4E6A55CB3065505C00E5D955 /* ValueGenericsTests.swift */,
				4E6A55CC3065505C00E5D955 /* VariadicGenericsTests.swift */,
			);
			path = swiftsyntax_tests_604;
			sourceTree = "<group>";
		};
		4E6A55D43065505C00E5D955 /* tools */ = {
			isa = PBXGroup;
			children = (
				4E6A54ED3065505C00E5D955 /* sweep_logs */,
				4E6A554F3065505C00E5D955 /* swiftsyntax_tests */,
				4E6A55CD3065505C00E5D955 /* swiftsyntax_tests_604 */,
				4E6A55CE3065505C00E5D955 /* extract_rejects.py */,
				4E6A55CF3065505C00E5D955 /* extract_snippets.py */,
				4E6A55D03065505C00E5D955 /* oracle_ann_sweep.py */,
				4E6A55D13065505C00E5D955 /* rank_tree_diffs.py */,
				4E6A55D23065505C00E5D955 /* run_tests.sh */,
				4E6A55D33065505C00E5D955 /* sweep_results.tsv */,
			);
			path = tools;
			sourceTree = "<group>";
		};
		4E6A72B63065537D00E5D955 /* tinyGLL-generated */ = {
			isa = PBXGroup;
			children = (
				4E6A72B53065537D00E5D955 /* GeneratedParser.swift */,
			);
			path = "tinyGLL-generated";
			sourceTree = "<group>";
		};
		4E782D1330655CB60092C2C7 /* Frameworks */ = {
			isa = PBXGroup;
			children = (
			);
			name = Frameworks;
			sourceTree = "<group>";
		};
/* End PBXGroup section */

/* Begin PBXNativeTarget section */
		000000000000000100000000 /* ApusApus */ = {
			isa = PBXNativeTarget;
			buildConfigurationList = 000000000000000110000000 /* Build configuration list for PBXNativeTarget "ApusApus" */;
			buildPhases = (
				000000000000000120000000 /* Sources */,
				000000000000000130000000 /* Frameworks */,
			);
			buildRules = (
			);
			fileSystemSynchronizedGroups = (
				000000000000000000000010 /* ApusApus */,
			);
			name = ApusApus;
			packageProductDependencies = (
				4E5D0116305AB7300025E456 /* BitCollections */,
				4E782D1830655CC80092C2C7 /* SwiftSyntax */,
				4E782D1A30655CEB0092C2C7 /* SwiftParser */,
			);
			productName = Tool;
			productReference = 000000000000000000000120 /* ApusApus */;
			productType = "com.apple.product-type.tool";
		};
		4E5D011B305AB8330025E456 /* ApusApusTests */ = {
			isa = PBXNativeTarget;
			buildConfigurationList = 4E5D0120305AB8330025E456 /* Build configuration list for PBXNativeTarget "ApusApusTests" */;
			buildPhases = (
				4E5D0118305AB8330025E456 /* Sources */,
				4E5D0119305AB8330025E456 /* Frameworks */,
				4E5D011A305AB8330025E456 /* Resources */,
			);
			buildRules = (
			);
			fileSystemSynchronizedGroups = (
				4E5D011D305AB8330025E456 /* ApusApusTests */,
			);
			name = ApusApusTests;
			packageProductDependencies = (
				4E6A72B83065581C00E5D955 /* SwiftBasicFormat */,
				4E6A72BA3065581C00E5D955 /* SwiftParser */,
				4E6A72BC3065581C00E5D955 /* SwiftSyntax */,
				4E6A72BE3065581C00E5D955 /* SwiftSyntaxBuilder */,
				4E782D1C30655D250092C2C7 /* BitCollections */,
			);
			productName = ApusApusTests;
			productReference = 4E5D011C305AB8330025E456 /* ApusApusTests.xctest */;
			productType = "com.apple.product-type.bundle.unit-test";
		};
		4E5D0126305AC2110025E456 /* tinyGLL */ = {
			isa = PBXNativeTarget;
			buildConfigurationList = 4E5D012F305AC2130025E456 /* Build configuration list for PBXNativeTarget "tinyGLL" */;
			buildPhases = (
				4E5D0123305AC2110025E456 /* Sources */,
				4E5D0124305AC2110025E456 /* Frameworks */,
				4E5D0125305AC2110025E456 /* Resources */,
			);
			buildRules = (
			);
			fileSystemSynchronizedGroups = (
				4E5D0128305AC2110025E456 /* tinyGLL */,
			);
			name = tinyGLL;
			productName = tinyGLL;
			productReference = 4E5D0127305AC2110025E456 /* tinyGLL.app */;
			productType = "com.apple.product-type.application";
		};
/* End PBXNativeTarget section */

/* Begin PBXProject section */
		000000000000000000000000 /* Project object */ = {
			isa = PBXProject;
			attributes = {
				BuildIndependentTargetsInParallel = 1;
				LastSwiftUpdateCheck = 2700;
				LastUpgradeCheck = 2700;
				TargetAttributes = {
					000000000000000100000000 = {
						CreatedOnToolsVersion = 27.0;
						LastSwiftMigration = 2700;
					};
					4E5D011B305AB8330025E456 = {
						CreatedOnToolsVersion = 27.0;
					};
					4E5D0126305AC2110025E456 = {
						CreatedOnToolsVersion = 27.0;
					};
				};
			};
			buildConfigurationList = 000000000000000010000000 /* Build configuration list for PBXProject "ApusApus" */;
			developmentRegion = en;
			hasScannedForEncodings = 0;
			knownRegions = (
				en,
				Base,
			);
			mainGroup = 000000000000000000000001;
			minimizedProjectReferenceProxies = 1;
			packageReferences = (
				4E5D0115305AB7300025E456 /* XCRemoteSwiftPackageReference "swift-collections" */,
				4E6A72B73065581C00E5D955 /* XCRemoteSwiftPackageReference "swift-syntax" */,
			);
			preferredProjectObjectVersion = 90;
			productRefGroup = 000000000000000000000020 /* Products */;
			projectDirPath = "";
			projectRoot = "";
			targets = (
				000000000000000100000000 /* ApusApus */,
				4E5D011B305AB8330025E456 /* ApusApusTests */,
				4E5D0126305AC2110025E456 /* tinyGLL */,
			);
		};
/* End PBXProject section */

/* Begin PBXResourcesBuildPhase section */
		4E5D011A305AB8330025E456 /* Resources */ = {
			isa = PBXResourcesBuildPhase;
			files = (
			);
		};
		4E5D0125305AC2110025E456 /* Resources */ = {
			isa = PBXResourcesBuildPhase;
			files = (
			);
		};
/* End PBXResourcesBuildPhase section */

/* Begin PBXSourcesBuildPhase section */
		000000000000000120000000 /* Sources */ = {
			isa = PBXSourcesBuildPhase;
			files = (
			);
		};
		4E5D0118305AB8330025E456 /* Sources */ = {
			isa = PBXSourcesBuildPhase;
			files = (
			);
		};
		4E5D0123305AC2110025E456 /* Sources */ = {
			isa = PBXSourcesBuildPhase;
			files = (
			);
		};
/* End PBXSourcesBuildPhase section */

/* Begin XCBuildConfiguration section */
		000000000000000011000000 /* Debug configuration for PBXProject "ApusApus" */ = {
			isa = XCBuildConfiguration;
			buildSettings = {
				ALWAYS_SEARCH_USER_PATHS = NO;
				ASSETCATALOG_COMPILER_GENERATE_SWIFT_ASSET_SYMBOL_EXTENSIONS = YES;
				CLANG_ANALYZER_NONNULL = YES;
				CLANG_ANALYZER_NUMBER_OBJECT_CONVERSION = YES_AGGRESSIVE;
				CLANG_CXX_LANGUAGE_STANDARD = "gnu++20";
				CLANG_ENABLE_MODULES = YES;
				CLANG_ENABLE_OBJC_ARC = YES;
				CLANG_ENABLE_OBJC_WEAK = YES;
				CLANG_WARN_BLOCK_CAPTURE_AUTORELEASING = YES;
				CLANG_WARN_BOOL_CONVERSION = YES;
				CLANG_WARN_COMMA = YES;
				CLANG_WARN_CONSTANT_CONVERSION = YES;
				CLANG_WARN_DEPRECATED_OBJC_IMPLEMENTATIONS = YES;
				CLANG_WARN_DIRECT_OBJC_ISA_USAGE = YES_ERROR;
				CLANG_WARN_DOCUMENTATION_COMMENTS = YES;
				CLANG_WARN_EMPTY_BODY = YES;
				CLANG_WARN_ENUM_CONVERSION = YES;
				CLANG_WARN_INFINITE_RECURSION = YES;
				CLANG_WARN_INT_CONVERSION = YES;
				CLANG_WARN_NON_LITERAL_NULL_CONVERSION = YES;
				CLANG_WARN_OBJC_IMPLICIT_RETAIN_SELF = YES;
				CLANG_WARN_OBJC_LITERAL_CONVERSION = YES;
				CLANG_WARN_OBJC_ROOT_CLASS = YES_ERROR;
				CLANG_WARN_QUOTED_INCLUDE_IN_FRAMEWORK_HEADER = YES;
				CLANG_WARN_RANGE_LOOP_ANALYSIS = YES;
				CLANG_WARN_STRICT_PROTOTYPES = YES;
				CLANG_WARN_SUSPICIOUS_MOVE = YES;
				CLANG_WARN_UNGUARDED_AVAILABILITY = YES_AGGRESSIVE;
				CLANG_WARN_UNREACHABLE_CODE = YES;
				CLANG_WARN__DUPLICATE_METHOD_MATCH = YES;
				COPY_PHASE_STRIP = NO;
				DEAD_CODE_STRIPPING = YES;
				DEBUG_INFORMATION_FORMAT = dwarf;
				DRIVERKIT_DEPLOYMENT_TARGET = 27.0;
				ENABLE_STRICT_OBJC_MSGSEND = YES;
				ENABLE_TESTABILITY = YES;
				ENABLE_USER_SCRIPT_SANDBOXING = YES;
				GCC_C_LANGUAGE_STANDARD = gnu17;
				GCC_DYNAMIC_NO_PIC = NO;
				GCC_NO_COMMON_BLOCKS = YES;
				GCC_OPTIMIZATION_LEVEL = 0;
				GCC_PREPROCESSOR_DEFINITIONS = (
					"DEBUG=1",
					"$(inherited)",
				);
				GCC_WARN_64_TO_32_BIT_CONVERSION = YES;
				GCC_WARN_ABOUT_RETURN_TYPE = YES_ERROR;
				GCC_WARN_UNDECLARED_SELECTOR = YES;
				GCC_WARN_UNINITIALIZED_AUTOS = YES_AGGRESSIVE;
				GCC_WARN_UNUSED_FUNCTION = YES;
				GCC_WARN_UNUSED_VARIABLE = YES;
				IPHONEOS_DEPLOYMENT_TARGET = 27.0;
				LOCALIZATION_PREFERS_STRING_CATALOGS = YES;
				MACOSX_DEPLOYMENT_TARGET = 27.0;
				MTL_ENABLE_DEBUG_INFO = INCLUDE_SOURCE;
				MTL_FAST_MATH = YES;
				ONLY_ACTIVE_ARCH = YES;
				PROJECT_UNIQUE_VALUE = BHRS37X4;
				STRING_CATALOG_GENERATE_SYMBOLS = YES;
				SWIFT_ACTIVE_COMPILATION_CONDITIONS = "DEBUG $(inherited)";
				SWIFT_OPTIMIZATION_LEVEL = "-Onone";
				TVOS_DEPLOYMENT_TARGET = 27.0;
				WATCHOS_DEPLOYMENT_TARGET = 27.0;
				XROS_DEPLOYMENT_TARGET = 27.0;
			};
			name = Debug;
		};
		000000000000000012000000 /* Release configuration for PBXProject "ApusApus" */ = {
			isa = XCBuildConfiguration;
			buildSettings = {
				ALWAYS_SEARCH_USER_PATHS = NO;
				ASSETCATALOG_COMPILER_GENERATE_SWIFT_ASSET_SYMBOL_EXTENSIONS = YES;
				CLANG_ANALYZER_NONNULL = YES;
				CLANG_ANALYZER_NUMBER_OBJECT_CONVERSION = YES_AGGRESSIVE;
				CLANG_CXX_LANGUAGE_STANDARD = "gnu++20";
				CLANG_ENABLE_MODULES = YES;
				CLANG_ENABLE_OBJC_ARC = YES;
				CLANG_ENABLE_OBJC_WEAK = YES;
				CLANG_WARN_BLOCK_CAPTURE_AUTORELEASING = YES;
				CLANG_WARN_BOOL_CONVERSION = YES;
				CLANG_WARN_COMMA = YES;
				CLANG_WARN_CONSTANT_CONVERSION = YES;
				CLANG_WARN_DEPRECATED_OBJC_IMPLEMENTATIONS = YES;
				CLANG_WARN_DIRECT_OBJC_ISA_USAGE = YES_ERROR;
				CLANG_WARN_DOCUMENTATION_COMMENTS = YES;
				CLANG_WARN_EMPTY_BODY = YES;
				CLANG_WARN_ENUM_CONVERSION = YES;
				CLANG_WARN_INFINITE_RECURSION = YES;
				CLANG_WARN_INT_CONVERSION = YES;
				CLANG_WARN_NON_LITERAL_NULL_CONVERSION = YES;
				CLANG_WARN_OBJC_IMPLICIT_RETAIN_SELF = YES;
				CLANG_WARN_OBJC_LITERAL_CONVERSION = YES;
				CLANG_WARN_OBJC_ROOT_CLASS = YES_ERROR;
				CLANG_WARN_QUOTED_INCLUDE_IN_FRAMEWORK_HEADER = YES;
				CLANG_WARN_RANGE_LOOP_ANALYSIS = YES;
				CLANG_WARN_STRICT_PROTOTYPES = YES;
				CLANG_WARN_SUSPICIOUS_MOVE = YES;
				CLANG_WARN_UNGUARDED_AVAILABILITY = YES_AGGRESSIVE;
				CLANG_WARN_UNREACHABLE_CODE = YES;
				CLANG_WARN__DUPLICATE_METHOD_MATCH = YES;
				COPY_PHASE_STRIP = NO;
				DEAD_CODE_STRIPPING = YES;
				DEBUG_INFORMATION_FORMAT = "dwarf-with-dsym";
				DRIVERKIT_DEPLOYMENT_TARGET = 27.0;
				ENABLE_NS_ASSERTIONS = NO;
				ENABLE_STRICT_OBJC_MSGSEND = YES;
				ENABLE_USER_SCRIPT_SANDBOXING = YES;
				GCC_C_LANGUAGE_STANDARD = gnu17;
				GCC_NO_COMMON_BLOCKS = YES;
				GCC_WARN_64_TO_32_BIT_CONVERSION = YES;
				GCC_WARN_ABOUT_RETURN_TYPE = YES_ERROR;
				GCC_WARN_UNDECLARED_SELECTOR = YES;
				GCC_WARN_UNINITIALIZED_AUTOS = YES_AGGRESSIVE;
				GCC_WARN_UNUSED_FUNCTION = YES;
				GCC_WARN_UNUSED_VARIABLE = YES;
				IPHONEOS_DEPLOYMENT_TARGET = 27.0;
				LOCALIZATION_PREFERS_STRING_CATALOGS = YES;
				MACOSX_DEPLOYMENT_TARGET = 27.0;
				MTL_ENABLE_DEBUG_INFO = NO;
				MTL_FAST_MATH = YES;
				PROJECT_UNIQUE_VALUE = BHRS37X4;
				STRING_CATALOG_GENERATE_SYMBOLS = YES;
				SWIFT_COMPILATION_MODE = wholemodule;
				TVOS_DEPLOYMENT_TARGET = 27.0;
				WATCHOS_DEPLOYMENT_TARGET = 27.0;
				XROS_DEPLOYMENT_TARGET = 27.0;
			};
			name = Release;
		};
		000000000000000111000000 /* Debug configuration for PBXNativeTarget "ApusApus" */ = {
			isa = XCBuildConfiguration;
			buildSettings = {
				CLANG_ENABLE_MODULES = YES;
				CODE_SIGN_STYLE = Automatic;
				DEVELOPMENT_TEAM = 3A743G3S42;
				MACOSX_DEPLOYMENT_TARGET = 26.3;
				PRODUCT_NAME = "$(TARGET_NAME)";
				SDKROOT = auto;
				SUPPORTED_PLATFORMS = "iphoneos iphonesimulator macosx";
				SUPPORTS_MACCATALYST = NO;
				SWIFT_APPROACHABLE_CONCURRENCY = YES;
				SWIFT_OPTIMIZATION_LEVEL = "-Onone";
				SWIFT_UPCOMING_FEATURE_MEMBER_IMPORT_VISIBILITY = YES;
				SWIFT_VERSION = 5.0;
			};
			name = Debug;
		};
		000000000000000112000000 /* Release configuration for PBXNativeTarget "ApusApus" */ = {
			isa = XCBuildConfiguration;
			buildSettings = {
				CLANG_ENABLE_MODULES = YES;
				CODE_SIGN_STYLE = Automatic;
				DEVELOPMENT_TEAM = 3A743G3S42;
				MACOSX_DEPLOYMENT_TARGET = 26.3;
				PRODUCT_NAME = "$(TARGET_NAME)";
				SDKROOT = auto;
				SUPPORTED_PLATFORMS = "iphoneos iphonesimulator macosx";
				SUPPORTS_MACCATALYST = NO;
				SWIFT_APPROACHABLE_CONCURRENCY = YES;
				SWIFT_UPCOMING_FEATURE_MEMBER_IMPORT_VISIBILITY = YES;
				SWIFT_VERSION = 5.0;
			};
			name = Release;
		};
		4E5D0121305AB8330025E456 /* Debug configuration for PBXNativeTarget "ApusApusTests" */ = {
			isa = XCBuildConfiguration;
			buildSettings = {
				CODE_SIGN_STYLE = Automatic;
				CURRENT_PROJECT_VERSION = 1;
				DEVELOPMENT_TEAM = 3A743G3S42;
				GENERATE_INFOPLIST_FILE = YES;
				MARKETING_VERSION = 1.0;
				PRODUCT_BUNDLE_IDENTIFIER = Magenta.ApusApusTests;
				PRODUCT_NAME = "$(TARGET_NAME)";
				SDKROOT = macosx;
				STRING_CATALOG_GENERATE_SYMBOLS = NO;
				SWIFT_APPROACHABLE_CONCURRENCY = YES;
				SWIFT_EMIT_LOC_STRINGS = NO;
				SWIFT_UPCOMING_FEATURE_MEMBER_IMPORT_VISIBILITY = YES;
				SWIFT_VERSION = 5.0;
			};
			name = Debug;
		};
		4E5D0122305AB8330025E456 /* Release configuration for PBXNativeTarget "ApusApusTests" */ = {
			isa = XCBuildConfiguration;
			buildSettings = {
				CODE_SIGN_STYLE = Automatic;
				CURRENT_PROJECT_VERSION = 1;
				DEVELOPMENT_TEAM = 3A743G3S42;
				GENERATE_INFOPLIST_FILE = YES;
				MARKETING_VERSION = 1.0;
				PRODUCT_BUNDLE_IDENTIFIER = Magenta.ApusApusTests;
				PRODUCT_NAME = "$(TARGET_NAME)";
				SDKROOT = macosx;
				STRING_CATALOG_GENERATE_SYMBOLS = NO;
				SWIFT_APPROACHABLE_CONCURRENCY = YES;
				SWIFT_EMIT_LOC_STRINGS = NO;
				SWIFT_UPCOMING_FEATURE_MEMBER_IMPORT_VISIBILITY = YES;
				SWIFT_VERSION = 5.0;
			};
			name = Release;
		};
		4E5D0130305AC2130025E456 /* Debug configuration for PBXNativeTarget "tinyGLL" */ = {
			isa = XCBuildConfiguration;
			buildSettings = {
				ASSETCATALOG_COMPILER_APPICON_NAME = AppIcon;
				ASSETCATALOG_COMPILER_GLOBAL_ACCENT_COLOR_NAME = AccentColor;
				CODE_SIGN_STYLE = Automatic;
				COMBINE_HIDPI_IMAGES = YES;
				CURRENT_PROJECT_VERSION = 1;
				DEVELOPMENT_TEAM = 3A743G3S42;
				ENABLE_APP_SANDBOX = NO;
				ENABLE_HARDENED_RUNTIME = YES;
				ENABLE_PREVIEWS = YES;
				ENABLE_USER_SELECTED_FILES = readonly;
				GENERATE_INFOPLIST_FILE = YES;
				INFOPLIST_KEY_NSHumanReadableCopyright = "";
				LD_RUNPATH_SEARCH_PATHS = (
					"$(inherited)",
					"@executable_path/../Frameworks",
				);
				MARKETING_VERSION = 1.0;
				PRODUCT_BUNDLE_IDENTIFIER = Magenta.ApusApus;
				PRODUCT_NAME = "$(TARGET_NAME)";
				REGISTER_APP_GROUPS = YES;
				SDKROOT = macosx;
				STRING_CATALOG_GENERATE_SYMBOLS = YES;
				SWIFT_APPROACHABLE_CONCURRENCY = YES;
				SWIFT_DEFAULT_ACTOR_ISOLATION = MainActor;
				SWIFT_EMIT_LOC_STRINGS = YES;
				SWIFT_UPCOMING_FEATURE_MEMBER_IMPORT_VISIBILITY = YES;
				SWIFT_VERSION = 5.0;
			};
			name = Debug;
		};
		4E5D0131305AC2130025E456 /* Release configuration for PBXNativeTarget "tinyGLL" */ = {
			isa = XCBuildConfiguration;
			buildSettings = {
				ASSETCATALOG_COMPILER_APPICON_NAME = AppIcon;
				ASSETCATALOG_COMPILER_GLOBAL_ACCENT_COLOR_NAME = AccentColor;
				CODE_SIGN_STYLE = Automatic;
				COMBINE_HIDPI_IMAGES = YES;
				CURRENT_PROJECT_VERSION = 1;
				DEVELOPMENT_TEAM = 3A743G3S42;
				ENABLE_APP_SANDBOX = NO;
				ENABLE_HARDENED_RUNTIME = YES;
				ENABLE_PREVIEWS = YES;
				ENABLE_USER_SELECTED_FILES = readonly;
				GENERATE_INFOPLIST_FILE = YES;
				INFOPLIST_KEY_NSHumanReadableCopyright = "";
				LD_RUNPATH_SEARCH_PATHS = (
					"$(inherited)",
					"@executable_path/../Frameworks",
				);
				MARKETING_VERSION = 1.0;
				PRODUCT_BUNDLE_IDENTIFIER = Magenta.ApusApus;
				PRODUCT_NAME = "$(TARGET_NAME)";
				REGISTER_APP_GROUPS = YES;
				SDKROOT = macosx;
				STRING_CATALOG_GENERATE_SYMBOLS = YES;
				SWIFT_APPROACHABLE_CONCURRENCY = YES;
				SWIFT_DEFAULT_ACTOR_ISOLATION = MainActor;
				SWIFT_EMIT_LOC_STRINGS = YES;
				SWIFT_UPCOMING_FEATURE_MEMBER_IMPORT_VISIBILITY = YES;
				SWIFT_VERSION = 5.0;
			};
			name = Release;
		};
/* End XCBuildConfiguration section */

/* Begin XCConfigurationList section */
		000000000000000010000000 /* Build configuration list for PBXProject "ApusApus" */ = {
			isa = XCConfigurationList;
			buildConfigurations = (
				000000000000000011000000 /* Debug configuration for PBXProject "ApusApus" */,
				000000000000000012000000 /* Release configuration for PBXProject "ApusApus" */,
			);
			defaultConfigurationName = Release;
		};
		000000000000000110000000 /* Build configuration list for PBXNativeTarget "ApusApus" */ = {
			isa = XCConfigurationList;
			buildConfigurations = (
				000000000000000111000000 /* Debug configuration for PBXNativeTarget "ApusApus" */,
				000000000000000112000000 /* Release configuration for PBXNativeTarget "ApusApus" */,
			);
			defaultConfigurationName = Release;
		};
		4E5D0120305AB8330025E456 /* Build configuration list for PBXNativeTarget "ApusApusTests" */ = {
			isa = XCConfigurationList;
			buildConfigurations = (
				4E5D0121305AB8330025E456 /* Debug configuration for PBXNativeTarget "ApusApusTests" */,
				4E5D0122305AB8330025E456 /* Release configuration for PBXNativeTarget "ApusApusTests" */,
			);
			defaultConfigurationName = Release;
		};
		4E5D012F305AC2130025E456 /* Build configuration list for PBXNativeTarget "tinyGLL" */ = {
			isa = XCConfigurationList;
			buildConfigurations = (
				4E5D0130305AC2130025E456 /* Debug configuration for PBXNativeTarget "tinyGLL" */,
				4E5D0131305AC2130025E456 /* Release configuration for PBXNativeTarget "tinyGLL" */,
			);
			defaultConfigurationName = Release;
		};
/* End XCConfigurationList section */

/* Begin XCRemoteSwiftPackageReference section */
		4E5D0115305AB7300025E456 /* XCRemoteSwiftPackageReference "swift-collections" */ = {
			isa = XCRemoteSwiftPackageReference;
			repositoryURL = "https://github.com/apple/swift-collections.git";
			requirement = {
				kind = upToNextMajorVersion;
				minimumVersion = 1.6.0;
			};
		};
		4E6A72B73065581C00E5D955 /* XCRemoteSwiftPackageReference "swift-syntax" */ = {
			isa = XCRemoteSwiftPackageReference;
			repositoryURL = "https://github.com/swiftlang/swift-syntax.git";
			requirement = {
				kind = upToNextMajorVersion;
				minimumVersion = 604.0.0;
			};
		};
/* End XCRemoteSwiftPackageReference section */

/* Begin XCSwiftPackageProductDependency section */
		4E5D0116305AB7300025E456 /* BitCollections */ = {
			isa = XCSwiftPackageProductDependency;
			package = 4E5D0115305AB7300025E456 /* XCRemoteSwiftPackageReference "swift-collections" */;
			productName = BitCollections;
		};
		4E6A72B83065581C00E5D955 /* SwiftBasicFormat */ = {
			isa = XCSwiftPackageProductDependency;
			package = 4E6A72B73065581C00E5D955 /* XCRemoteSwiftPackageReference "swift-syntax" */;
			productName = SwiftBasicFormat;
		};
		4E6A72BA3065581C00E5D955 /* SwiftParser */ = {
			isa = XCSwiftPackageProductDependency;
			package = 4E6A72B73065581C00E5D955 /* XCRemoteSwiftPackageReference "swift-syntax" */;
			productName = SwiftParser;
		};
		4E6A72BC3065581C00E5D955 /* SwiftSyntax */ = {
			isa = XCSwiftPackageProductDependency;
			package = 4E6A72B73065581C00E5D955 /* XCRemoteSwiftPackageReference "swift-syntax" */;
			productName = SwiftSyntax;
		};
		4E6A72BE3065581C00E5D955 /* SwiftSyntaxBuilder */ = {
			isa = XCSwiftPackageProductDependency;
			package = 4E6A72B73065581C00E5D955 /* XCRemoteSwiftPackageReference "swift-syntax" */;
			productName = SwiftSyntaxBuilder;
		};
		4E782D1830655CC80092C2C7 /* SwiftSyntax */ = {
			isa = XCSwiftPackageProductDependency;
			package = 4E6A72B73065581C00E5D955 /* XCRemoteSwiftPackageReference "swift-syntax" */;
			productName = SwiftSyntax;
		};
		4E782D1A30655CEB0092C2C7 /* SwiftParser */ = {
			isa = XCSwiftPackageProductDependency;
			package = 4E6A72B73065581C00E5D955 /* XCRemoteSwiftPackageReference "swift-syntax" */;
			productName = SwiftParser;
		};
		4E782D1C30655D250092C2C7 /* BitCollections */ = {
			isa = XCSwiftPackageProductDependency;
			package = 4E5D0115305AB7300025E456 /* XCRemoteSwiftPackageReference "swift-collections" */;
			productName = BitCollections;
		};
/* End XCSwiftPackageProductDependency section */
	};
	rootObject = 000000000000000000000000 /* Project object */;
}
